// !$*UTF8*$!
{
	archiveVersion = 1;
	classes = {
	};
	objectVersion = 46;
	objects = {

/* Begin PBXBuildFile section */
		4D1623141B7C8C4200D0803E /* DTPromiseMatcher.m in Sources */ = {isa = PBXBuildFile; fileRef = C14207362C1AB9F5BFCAA661 /* DTPromiseMatcher.m */; };
		4D1623361B7CC60E00D0803E /* Bond.framework in Frameworks */ = {isa = PBXBuildFile; fileRef = 4D16232B1B7CC5EA00D0803E /* Bond.framework */; };
		4D1623381B7CC62F00D0803E /* Bond.framework in CopyFiles */ = {isa = PBXBuildFile; fileRef = 4D16232B1B7CC5EA00D0803E /* Bond.framework */; settings = {ATTRIBUTES = (CodeSignOnCopy, RemoveHeadersOnCopy, ); }; };
		4D1623441B7CC7F700D0803E /* LoginViewController.xib in Resources */ = {isa = PBXBuildFile; fileRef = 4D1623431B7CC7F700D0803E /* LoginViewController.xib */; };
		4D32D6231B6FBA0100044180 /* DActor.swift in Sources */ = {isa = PBXBuildFile; fileRef = 4D32D6221B6FBA0100044180 /* DActor.swift */; };
		4D32D64C1B70B1AF00044180 /* EKCoreDataImporter.m in Sources */ = {isa = PBXBuildFile; fileRef = 4D32D6301B70B1AF00044180 /* EKCoreDataImporter.m */; };
		4D32D64D1B70B1AF00044180 /* EKManagedObjectMapper.m in Sources */ = {isa = PBXBuildFile; fileRef = 4D32D6321B70B1AF00044180 /* EKManagedObjectMapper.m */; };
		4D32D64E1B70B1AF00044180 /* EKManagedObjectMapping.m in Sources */ = {isa = PBXBuildFile; fileRef = 4D32D6341B70B1AF00044180 /* EKManagedObjectMapping.m */; };
		4D32D64F1B70B1AF00044180 /* EKManagedObjectModel.m in Sources */ = {isa = PBXBuildFile; fileRef = 4D32D6361B70B1AF00044180 /* EKManagedObjectModel.m */; };
		4D32D6501B70B1AF00044180 /* EKMapper.m in Sources */ = {isa = PBXBuildFile; fileRef = 4D32D6381B70B1AF00044180 /* EKMapper.m */; };
		4D32D6511B70B1AF00044180 /* EKMappingBlocks.m in Sources */ = {isa = PBXBuildFile; fileRef = 4D32D63A1B70B1AF00044180 /* EKMappingBlocks.m */; };
		4D32D6521B70B1AF00044180 /* EKObjectMapping.m in Sources */ = {isa = PBXBuildFile; fileRef = 4D32D63D1B70B1AF00044180 /* EKObjectMapping.m */; };
		4D32D6531B70B1AF00044180 /* EKObjectModel.m in Sources */ = {isa = PBXBuildFile; fileRef = 4D32D63F1B70B1AF00044180 /* EKObjectModel.m */; };
		4D32D6541B70B1AF00044180 /* EKPropertyHelper.m in Sources */ = {isa = PBXBuildFile; fileRef = 4D32D6411B70B1AF00044180 /* EKPropertyHelper.m */; };
		4D32D6551B70B1AF00044180 /* EKPropertyMapping.m in Sources */ = {isa = PBXBuildFile; fileRef = 4D32D6431B70B1AF00044180 /* EKPropertyMapping.m */; };
		4D32D6561B70B1AF00044180 /* EKRelationshipMapping.m in Sources */ = {isa = PBXBuildFile; fileRef = 4D32D6451B70B1AF00044180 /* EKRelationshipMapping.m */; };
		4D32D6571B70B1AF00044180 /* EKSerializer.m in Sources */ = {isa = PBXBuildFile; fileRef = 4D32D6471B70B1AF00044180 /* EKSerializer.m */; };
		4D32D6581B70B1AF00044180 /* NSArray+FlattenArray.m in Sources */ = {isa = PBXBuildFile; fileRef = 4D32D6491B70B1AF00044180 /* NSArray+FlattenArray.m */; };
		4D32D6591B70B1AF00044180 /* NSDateFormatter+EasyMappingAdditions.m in Sources */ = {isa = PBXBuildFile; fileRef = 4D32D64B1B70B1AF00044180 /* NSDateFormatter+EasyMappingAdditions.m */; };
		4D8804891B789C14001F80CD /* DTActorSystem.m in Sources */ = {isa = PBXBuildFile; fileRef = C14201316C5C70002DB46856 /* DTActorSystem.m */; };
		4D88048A1B789C39001F80CD /* DTActor.m in Sources */ = {isa = PBXBuildFile; fileRef = C1420B37F6F988BA4CC6E86F /* DTActor.m */; };
		4D88048B1B789C39001F80CD /* DTMessageHandler.m in Sources */ = {isa = PBXBuildFile; fileRef = C1420704343AD4DD639ABDA9 /* DTMessageHandler.m */; };
		4D88048C1B789C39001F80CD /* DTMessageDispatcher.m in Sources */ = {isa = PBXBuildFile; fileRef = C1420BB46A7686E42FB53BA7 /* DTMessageDispatcher.m */; };
		4D88048D1B789C39001F80CD /* DTActorOperation.m in Sources */ = {isa = PBXBuildFile; fileRef = C142061CF26C7F7CD488B068 /* DTActorOperation.m */; };
		4D88048E1B789C39001F80CD /* DTActorExecutor.m in Sources */ = {isa = PBXBuildFile; fileRef = C1420FA0FD3362A3B8163351 /* DTActorExecutor.m */; };
		4D88048F1B789C39001F80CD /* DTActorProvider.m in Sources */ = {isa = PBXBuildFile; fileRef = C1420021FD6387119C8C784D /* DTActorProvider.m */; };
		4D88049C1B7A4BA6001F80CD /* DTActorConstants.m in Sources */ = {isa = PBXBuildFile; fileRef = 4D88049B1B7A4BA6001F80CD /* DTActorConstants.m */; };
		4DDBE7171B7DF38D004DEEA7 /* ActorProviderTest.m in Sources */ = {isa = PBXBuildFile; fileRef = 4DDBE7161B7DF38D004DEEA7 /* ActorProviderTest.m */; };
		4DDBE71D1B7DFCAF004DEEA7 /* ActorExecutorTest.m in Sources */ = {isa = PBXBuildFile; fileRef = 4DDBE71C1B7DFCAF004DEEA7 /* ActorExecutorTest.m */; };
		4DFBC7451B74B60B0091F27C /* ServiceLocator.swift in Sources */ = {isa = PBXBuildFile; fileRef = 4DFBC7441B74B60B0091F27C /* ServiceLocator.swift */; };
		4DFCBB9C1B7CE23000FCAF57 /* UserViewController.xib in Resources */ = {isa = PBXBuildFile; fileRef = 4DFCBB9B1B7CE23000FCAF57 /* UserViewController.xib */; };
		4DFCBBA21B7CE2E200FCAF57 /* UserViewModel.swift in Sources */ = {isa = PBXBuildFile; fileRef = 4DFCBBA11B7CE2E200FCAF57 /* UserViewModel.swift */; };
		523B0CE09C9BE9F15CEA49AC /* libPods-ActorsTests.a in Frameworks */ = {isa = PBXBuildFile; fileRef = 32CEE118BEBB1B75EC859FA3 /* libPods-ActorsTests.a */; };
		AD5903841B6021D600D41DA0 /* ViewController.swift in Sources */ = {isa = PBXBuildFile; fileRef = AD5903831B6021D600D41DA0 /* ViewController.swift */; };
		AD5903891B6021D600D41DA0 /* Assets.xcassets in Resources */ = {isa = PBXBuildFile; fileRef = AD5903881B6021D600D41DA0 /* Assets.xcassets */; };
		AD94783D1B67B55B00AFD645 /* Executor.swift in Sources */ = {isa = PBXBuildFile; fileRef = AD9478281B67B55B00AFD645 /* Executor.swift */; };
		AD9478411B67B55B00AFD645 /* FTask.swift in Sources */ = {isa = PBXBuildFile; fileRef = AD94782E1B67B55B00AFD645 /* FTask.swift */; };
		AD9478421B67B55B00AFD645 /* Future.swift in Sources */ = {isa = PBXBuildFile; fileRef = AD94782F1B67B55B00AFD645 /* Future.swift */; };
		AD9478431B67B55B00AFD645 /* FutureBatch.swift in Sources */ = {isa = PBXBuildFile; fileRef = AD9478301B67B55B00AFD645 /* FutureBatch.swift */; };
		AD9478441B67B55B00AFD645 /* FutureFIFO.swift in Sources */ = {isa = PBXBuildFile; fileRef = AD9478311B67B55B00AFD645 /* FutureFIFO.swift */; };
		AD9478451B67B55B00AFD645 /* Info.plist in Resources */ = {isa = PBXBuildFile; fileRef = AD9478331B67B55B00AFD645 /* Info.plist */; };
		AD9478461B67B55B00AFD645 /* Promise.swift in Sources */ = {isa = PBXBuildFile; fileRef = AD9478341B67B55B00AFD645 /* Promise.swift */; };
		AD9478471B67B55B00AFD645 /* Synchronization.swift in Sources */ = {isa = PBXBuildFile; fileRef = AD9478351B67B55B00AFD645 /* Synchronization.swift */; };
		AD9478481B67B55B00AFD645 /* SyncWaitHandler.swift in Sources */ = {isa = PBXBuildFile; fileRef = AD9478361B67B55B00AFD645 /* SyncWaitHandler.swift */; };
		AD9478491B67B55B00AFD645 /* ExtensionVars.swift in Sources */ = {isa = PBXBuildFile; fileRef = AD9478381B67B55B00AFD645 /* ExtensionVars.swift */; };
		AD94784A1B67B55B00AFD645 /* NSObject-Ext-ThreadSafe.swift in Sources */ = {isa = PBXBuildFile; fileRef = AD9478391B67B55B00AFD645 /* NSObject-Ext-ThreadSafe.swift */; };
		AD94784B1B67B55B00AFD645 /* ObjectiveCExceptionHandler.m in Sources */ = {isa = PBXBuildFile; fileRef = AD94783B1B67B55B00AFD645 /* ObjectiveCExceptionHandler.m */; };
		AD94784C1B67B55B00AFD645 /* OSAtomicInt.swift in Sources */ = {isa = PBXBuildFile; fileRef = AD94783C1B67B55B00AFD645 /* OSAtomicInt.swift */; };
		AD9478611B6815B500AFD645 /* HTTPRequestSerializer.swift in Sources */ = {isa = PBXBuildFile; fileRef = AD94785B1B6815B500AFD645 /* HTTPRequestSerializer.swift */; };
		AD9478621B6815B500AFD645 /* HTTPResponseSerializer.swift in Sources */ = {isa = PBXBuildFile; fileRef = AD94785C1B6815B500AFD645 /* HTTPResponseSerializer.swift */; };
		AD9478631B6815B500AFD645 /* HTTPSecurity.swift in Sources */ = {isa = PBXBuildFile; fileRef = AD94785D1B6815B500AFD645 /* HTTPSecurity.swift */; };
		AD9478641B6815B500AFD645 /* HTTPStatusCode.swift in Sources */ = {isa = PBXBuildFile; fileRef = AD94785E1B6815B500AFD645 /* HTTPStatusCode.swift */; };
		AD9478651B6815B500AFD645 /* HTTPTask.swift in Sources */ = {isa = PBXBuildFile; fileRef = AD94785F1B6815B500AFD645 /* HTTPTask.swift */; };
		AD9478661B6815B500AFD645 /* HTTPUpload.swift in Sources */ = {isa = PBXBuildFile; fileRef = AD9478601B6815B500AFD645 /* HTTPUpload.swift */; };
		C14200078A265A3ADC02C2EE /* ActorOperation.swift in Sources */ = {isa = PBXBuildFile; fileRef = C14200F89B098FB3E1994413 /* ActorOperation.swift */; };
		C142005901630145DB6826A8 /* DTMessageDispatcher.m in Sources */ = {isa = PBXBuildFile; fileRef = C1420BB46A7686E42FB53BA7 /* DTMessageDispatcher.m */; };
		C14200613D2A54EAE6904A6D /* ActorExecutor.swift in Sources */ = {isa = PBXBuildFile; fileRef = C1420040BAD30D5873F67D5F /* ActorExecutor.swift */; };
		C142008BF01527574DF17B89 /* MappingActor.swift in Sources */ = {isa = PBXBuildFile; fileRef = C1420242C005F5682D8F2490 /* MappingActor.swift */; };
		C14200AC1DF325BE97FC6DAE /* UserViewController.swift in Sources */ = {isa = PBXBuildFile; fileRef = C142068337B08BA06BF0D521 /* UserViewController.swift */; };
		C1420178957775D8CA5F2289 /* ActorSystemTest.m in Sources */ = {isa = PBXBuildFile; fileRef = C1420C2A192E61FA6948780F /* ActorSystemTest.m */; };
		C142019014219B7B3A35A07E /* Session+EasyMapping.swift in Sources */ = {isa = PBXBuildFile; fileRef = C1420410CDB298429DEC274B /* Session+EasyMapping.swift */; };
		C14201DFC6BF5A8CD84EB936 /* Development-Config.plist in Resources */ = {isa = PBXBuildFile; fileRef = C142057C4426374FAD7B9BF9 /* Development-Config.plist */; };
		C14201FF0810292B2D10FF23 /* ApiActorTest.m in Sources */ = {isa = PBXBuildFile; fileRef = C1420A77949C3508036F6EC2 /* ApiActorTest.m */; };
		C14202288663AE1CD0C7F214 /* DTActorOperation.m in Sources */ = {isa = PBXBuildFile; fileRef = C142061CF26C7F7CD488B068 /* DTActorOperation.m */; };
		C1420242C250E9AC45DB6DC8 /* DTServiceLocator.m in Sources */ = {isa = PBXBuildFile; fileRef = C1420833E90CA81B3BA86F28 /* DTServiceLocator.m */; };
		C14202641FB3F2EF09208BAC /* Settings+NSCoding.swift in Sources */ = {isa = PBXBuildFile; fileRef = C142054DED00C41FDFF9DB2D /* Settings+NSCoding.swift */; };
		C1420280CC0E397B2D01AEA2 /* TripsConfigs.swift in Sources */ = {isa = PBXBuildFile; fileRef = C14205D66DCD8F4D5FE3B970 /* TripsConfigs.swift */; };
		C14203B101601C48A4BAF4D9 /* Session.swift in Sources */ = {isa = PBXBuildFile; fileRef = C142074AA6EF117576566D94 /* Session.swift */; };
		C14203EE09FC97DC091FA899 /* Actor.swift in Sources */ = {isa = PBXBuildFile; fileRef = C1420D7A0953CEEB1302B7E7 /* Actor.swift */; };
		C142040512CB0CA68F147294 /* SessionActor.swift in Sources */ = {isa = PBXBuildFile; fileRef = C1420DEA792C1AD05D0245BE /* SessionActor.swift */; };
		C14204083805FEAF429EE7F2 /* DTActorProvider.m in Sources */ = {isa = PBXBuildFile; fileRef = C1420021FD6387119C8C784D /* DTActorProvider.m */; };
		C1420480039A784409A1661D /* ActorSystemMock.m in Sources */ = {isa = PBXBuildFile; fileRef = C1420AE1764924793EBC555B /* ActorSystemMock.m */; };
		C1420486D021D02C4AD0D5CF /* DTActorExecutor.m in Sources */ = {isa = PBXBuildFile; fileRef = C1420FA0FD3362A3B8163351 /* DTActorExecutor.m */; };
		C14205A1DA45880FFD07D100 /* User+EasyMapping.swift in Sources */ = {isa = PBXBuildFile; fileRef = C1420A8BA0B09F56E9A7FC71 /* User+EasyMapping.swift */; };
		C14205ADAA9474B334F60434 /* Settings+EasyMapping.swift in Sources */ = {isa = PBXBuildFile; fileRef = C142056BF99A94BBFA4D1573 /* Settings+EasyMapping.swift */; };
		C14205D98AB7160FEA041C53 /* APIActor.swift in Sources */ = {isa = PBXBuildFile; fileRef = C14203B6633998D71B9FCC3C /* APIActor.swift */; };
		C14206057B3AECC86BE477E6 /* SessionAPIActorTest.m in Sources */ = {isa = PBXBuildFile; fileRef = C1420598D6D936B16896E379 /* SessionAPIActorTest.m */; };
		C14206985D533AC14CC3ED09 /* DTMessageHandler.swift in Sources */ = {isa = PBXBuildFile; fileRef = C142012F826EC019175F2ADA /* DTMessageHandler.swift */; };
		C14206F9AA38B8B4DFA545A5 /* SessionAPIActor.swift in Sources */ = {isa = PBXBuildFile; fileRef = C14209D6592948A9D851DCDC /* SessionAPIActor.swift */; };
		C14206FA002F227D0065E849 /* ActorSystem.swift in Sources */ = {isa = PBXBuildFile; fileRef = C142095A97E0AF47476B07EA /* ActorSystem.swift */; };
		C14207B3F2EDBED177C0FC42 /* DTMessageHandler.m in Sources */ = {isa = PBXBuildFile; fileRef = C1420704343AD4DD639ABDA9 /* DTMessageHandler.m */; };
		C142086D9011299217033B54 /* SessionActorTest.m in Sources */ = {isa = PBXBuildFile; fileRef = C1420EB58ADCA1C26603088F /* SessionActorTest.m */; };
		C142087A75A1B7B4E322ADD1 /* ActorTest.swift in Sources */ = {isa = PBXBuildFile; fileRef = C1420F18427E33045F3E62EC /* ActorTest.swift */; };
		C14208A7572C92E34DF7D998 /* AuthActor.swift in Sources */ = {isa = PBXBuildFile; fileRef = C1420744BB1C3A43DA63BB54 /* AuthActor.swift */; };
		C142091971294CE695030AF8 /* MappingProvider.swift in Sources */ = {isa = PBXBuildFile; fileRef = C1420E9627E372CEF2DB903E /* MappingProvider.swift */; };
		C14209B1171512D5129EF87A /* ActorProvider.swift in Sources */ = {isa = PBXBuildFile; fileRef = C1420407177572DF9EA4137C /* ActorProvider.swift */; };
		C14209EC5C211D2D64DC7BF7 /* SettingsActor.swift in Sources */ = {isa = PBXBuildFile; fileRef = C1420FBC4D3857134382F628 /* SettingsActor.swift */; };
		C1420AAA7B033DBFB81861FE /* SettingsStorage.swift in Sources */ = {isa = PBXBuildFile; fileRef = C142040225C8C1F8E868436A /* SettingsStorage.swift */; };
		C1420AB6738F29FF890F6EF0 /* LoginViewModel.swift in Sources */ = {isa = PBXBuildFile; fileRef = C14200CA54447CEEFA4C4A26 /* LoginViewModel.swift */; };
		C1420BA105C7AADCE3457700 /* AuthActorTest.m in Sources */ = {isa = PBXBuildFile; fileRef = C1420AED6EED8867FFD874C2 /* AuthActorTest.m */; };
		C1420C36FF785120BF8A05D6 /* Settings.swift in Sources */ = {isa = PBXBuildFile; fileRef = C1420BEB8B07067CE53CEC4A /* Settings.swift */; };
		C1420C436BDD8EB74D047D3C /* RXPromise+RXExtension.mm in Sources */ = {isa = PBXBuildFile; fileRef = C1420D413359CCCF51407B80 /* RXPromise+RXExtension.mm */; };
		C1420CB107BBAE62EF05F290 /* DTActorSystem.m in Sources */ = {isa = PBXBuildFile; fileRef = C14201316C5C70002DB46856 /* DTActorSystem.m */; };
		C1420CE3AC89F87D8AE57524 /* RXSettledResult.mm in Sources */ = {isa = PBXBuildFile; fileRef = C1420599480D2FF2F990C7F9 /* RXSettledResult.mm */; };
		C1420CED94AD07CD8DA01AA7 /* Configs.swift in Sources */ = {isa = PBXBuildFile; fileRef = C142071CB793ECE927623202 /* Configs.swift */; };
		C1420D3414B343284C8EF01D /* LoginViewController.swift in Sources */ = {isa = PBXBuildFile; fileRef = C142044841D4C4F89FCA9280 /* LoginViewController.swift */; };
		C1420DB1208DB0E5616A2230 /* User.swift in Sources */ = {isa = PBXBuildFile; fileRef = C1420CABF643B51F1F53164E /* User.swift */; };
		C1420DEB18996727EBEB810F /* DTActor.m in Sources */ = {isa = PBXBuildFile; fileRef = C1420B37F6F988BA4CC6E86F /* DTActor.m */; };
		C1420E5ED06C585C26CDD697 /* MessageDispatcher.swift in Sources */ = {isa = PBXBuildFile; fileRef = C1420D864F2A9DDE8C9F76E7 /* MessageDispatcher.swift */; };
		C1420F2D7AD2F4F95781A429 /* AppDelegate.swift in Sources */ = {isa = PBXBuildFile; fileRef = C1420A29C932D6F97E657F4B /* AppDelegate.swift */; };
		C1420F6C2E50EB564990B416 /* SessionStorage.swift in Sources */ = {isa = PBXBuildFile; fileRef = C1420E3F50722C5D4612F26C /* SessionStorage.swift */; };
		C1420FD96390317645DEA696 /* RXPromise.mm in Sources */ = {isa = PBXBuildFile; fileRef = C14202E55191E5AA05C56A41 /* RXPromise.mm */; };
/* End PBXBuildFile section */

/* Begin PBXContainerItemProxy section */
		4D16232A1B7CC5EA00D0803E /* PBXContainerItemProxy */ = {
			isa = PBXContainerItemProxy;
			containerPortal = 4D1623221B7CC5EA00D0803E /* Bond.xcodeproj */;
			proxyType = 2;
			remoteGlobalIDString = 69491BAE1A7C217100A13B6B;
			remoteInfo = Bond;
		};
		4D16232C1B7CC5EA00D0803E /* PBXContainerItemProxy */ = {
			isa = PBXContainerItemProxy;
			containerPortal = 4D1623221B7CC5EA00D0803E /* Bond.xcodeproj */;
			proxyType = 2;
			remoteGlobalIDString = 69491BB91A7C217100A13B6B;
			remoteInfo = BondTests;
		};
		4D16232E1B7CC5EA00D0803E /* PBXContainerItemProxy */ = {
			isa = PBXContainerItemProxy;
			containerPortal = 4D1623221B7CC5EA00D0803E /* Bond.xcodeproj */;
			proxyType = 2;
			remoteGlobalIDString = DCA979691A83C3A100DD4A30;
			remoteInfo = BondOSX;
		};
		4D1623301B7CC5EA00D0803E /* PBXContainerItemProxy */ = {
			isa = PBXContainerItemProxy;
			containerPortal = 4D1623221B7CC5EA00D0803E /* Bond.xcodeproj */;
			proxyType = 2;
			remoteGlobalIDString = DCA979731A83C3A200DD4A30;
			remoteInfo = BondOSXTests;
		};
		4D1623321B7CC5EA00D0803E /* PBXContainerItemProxy */ = {
			isa = PBXContainerItemProxy;
			containerPortal = 4D1623221B7CC5EA00D0803E /* Bond.xcodeproj */;
			proxyType = 2;
			remoteGlobalIDString = 03ACB4FE1AB555D6001B3E64;
			remoteInfo = iOSAppForTesting;
		};
		4D1623341B7CC60300D0803E /* PBXContainerItemProxy */ = {
			isa = PBXContainerItemProxy;
			containerPortal = 4D1623221B7CC5EA00D0803E /* Bond.xcodeproj */;
			proxyType = 1;
			remoteGlobalIDString = 69491BAD1A7C217100A13B6B;
			remoteInfo = Bond;
		};
		AD5903931B6021D600D41DA0 /* PBXContainerItemProxy */ = {
			isa = PBXContainerItemProxy;
			containerPortal = AD5903761B6021D500D41DA0 /* Project object */;
			proxyType = 1;
			remoteGlobalIDString = AD59037D1B6021D500D41DA0;
			remoteInfo = Actors;
		};
/* End PBXContainerItemProxy section */

/* Begin PBXCopyFilesBuildPhase section */
		4D1623371B7CC62200D0803E /* CopyFiles */ = {
			isa = PBXCopyFilesBuildPhase;
			buildActionMask = 2147483647;
			dstPath = "";
			dstSubfolderSpec = 10;
			files = (
				4D1623381B7CC62F00D0803E /* Bond.framework in CopyFiles */,
			);
			runOnlyForDeploymentPostprocessing = 0;
		};
		4D5C54E61B69CBA9000DD26B /* Copy Frameworks */ = {
			isa = PBXCopyFilesBuildPhase;
			buildActionMask = 2147483647;
			dstPath = "";
			dstSubfolderSpec = 10;
			files = (
			);
			name = "Copy Frameworks";
			runOnlyForDeploymentPostprocessing = 0;
		};
/* End PBXCopyFilesBuildPhase section */

/* Begin PBXFileReference section */
		1AF4C26BEC372FBDEAF97556 /* Pods-ActorsTests.debug.xcconfig */ = {isa = PBXFileReference; includeInIndex = 1; lastKnownFileType = text.xcconfig; name = "Pods-ActorsTests.debug.xcconfig"; path = "Pods/Target Support Files/Pods-ActorsTests/Pods-ActorsTests.debug.xcconfig"; sourceTree = "<group>"; };
		32CEE118BEBB1B75EC859FA3 /* libPods-ActorsTests.a */ = {isa = PBXFileReference; explicitFileType = archive.ar; includeInIndex = 0; path = "libPods-ActorsTests.a"; sourceTree = BUILT_PRODUCTS_DIR; };
		4280921F20336938486D858A /* Pods-ActorsTests.release.xcconfig */ = {isa = PBXFileReference; includeInIndex = 1; lastKnownFileType = text.xcconfig; name = "Pods-ActorsTests.release.xcconfig"; path = "Pods/Target Support Files/Pods-ActorsTests/Pods-ActorsTests.release.xcconfig"; sourceTree = "<group>"; };
		4D1623221B7CC5EA00D0803E /* Bond.xcodeproj */ = {isa = PBXFileReference; lastKnownFileType = "wrapper.pb-project"; name = Bond.xcodeproj; path = Bond/Bond.xcodeproj; sourceTree = "<group>"; };
		4D1623431B7CC7F700D0803E /* LoginViewController.xib */ = {isa = PBXFileReference; fileEncoding = 4; lastKnownFileType = file.xib; path = LoginViewController.xib; sourceTree = "<group>"; };
		4D32D6221B6FBA0100044180 /* DActor.swift */ = {isa = PBXFileReference; fileEncoding = 4; lastKnownFileType = sourcecode.swift; path = DActor.swift; sourceTree = "<group>"; };
		4D32D62E1B70B1AF00044180 /* EasyMapping.h */ = {isa = PBXFileReference; fileEncoding = 4; lastKnownFileType = sourcecode.c.h; path = EasyMapping.h; sourceTree = "<group>"; };
		4D32D62F1B70B1AF00044180 /* EKCoreDataImporter.h */ = {isa = PBXFileReference; fileEncoding = 4; lastKnownFileType = sourcecode.c.h; path = EKCoreDataImporter.h; sourceTree = "<group>"; };
		4D32D6301B70B1AF00044180 /* EKCoreDataImporter.m */ = {isa = PBXFileReference; fileEncoding = 4; lastKnownFileType = sourcecode.c.objc; path = EKCoreDataImporter.m; sourceTree = "<group>"; };
		4D32D6311B70B1AF00044180 /* EKManagedObjectMapper.h */ = {isa = PBXFileReference; fileEncoding = 4; lastKnownFileType = sourcecode.c.h; path = EKManagedObjectMapper.h; sourceTree = "<group>"; };
		4D32D6321B70B1AF00044180 /* EKManagedObjectMapper.m */ = {isa = PBXFileReference; fileEncoding = 4; lastKnownFileType = sourcecode.c.objc; path = EKManagedObjectMapper.m; sourceTree = "<group>"; };
		4D32D6331B70B1AF00044180 /* EKManagedObjectMapping.h */ = {isa = PBXFileReference; fileEncoding = 4; lastKnownFileType = sourcecode.c.h; path = EKManagedObjectMapping.h; sourceTree = "<group>"; };
		4D32D6341B70B1AF00044180 /* EKManagedObjectMapping.m */ = {isa = PBXFileReference; fileEncoding = 4; lastKnownFileType = sourcecode.c.objc; path = EKManagedObjectMapping.m; sourceTree = "<group>"; };
		4D32D6351B70B1AF00044180 /* EKManagedObjectModel.h */ = {isa = PBXFileReference; fileEncoding = 4; lastKnownFileType = sourcecode.c.h; path = EKManagedObjectModel.h; sourceTree = "<group>"; };
		4D32D6361B70B1AF00044180 /* EKManagedObjectModel.m */ = {isa = PBXFileReference; fileEncoding = 4; lastKnownFileType = sourcecode.c.objc; path = EKManagedObjectModel.m; sourceTree = "<group>"; };
		4D32D6371B70B1AF00044180 /* EKMapper.h */ = {isa = PBXFileReference; fileEncoding = 4; lastKnownFileType = sourcecode.c.h; path = EKMapper.h; sourceTree = "<group>"; };
		4D32D6381B70B1AF00044180 /* EKMapper.m */ = {isa = PBXFileReference; fileEncoding = 4; lastKnownFileType = sourcecode.c.objc; path = EKMapper.m; sourceTree = "<group>"; };
		4D32D6391B70B1AF00044180 /* EKMappingBlocks.h */ = {isa = PBXFileReference; fileEncoding = 4; lastKnownFileType = sourcecode.c.h; path = EKMappingBlocks.h; sourceTree = "<group>"; };
		4D32D63A1B70B1AF00044180 /* EKMappingBlocks.m */ = {isa = PBXFileReference; fileEncoding = 4; lastKnownFileType = sourcecode.c.objc; path = EKMappingBlocks.m; sourceTree = "<group>"; };
		4D32D63B1B70B1AF00044180 /* EKMappingProtocol.h */ = {isa = PBXFileReference; fileEncoding = 4; lastKnownFileType = sourcecode.c.h; path = EKMappingProtocol.h; sourceTree = "<group>"; };
		4D32D63C1B70B1AF00044180 /* EKObjectMapping.h */ = {isa = PBXFileReference; fileEncoding = 4; lastKnownFileType = sourcecode.c.h; path = EKObjectMapping.h; sourceTree = "<group>"; };
		4D32D63D1B70B1AF00044180 /* EKObjectMapping.m */ = {isa = PBXFileReference; fileEncoding = 4; lastKnownFileType = sourcecode.c.objc; path = EKObjectMapping.m; sourceTree = "<group>"; };
		4D32D63E1B70B1AF00044180 /* EKObjectModel.h */ = {isa = PBXFileReference; fileEncoding = 4; lastKnownFileType = sourcecode.c.h; path = EKObjectModel.h; sourceTree = "<group>"; };
		4D32D63F1B70B1AF00044180 /* EKObjectModel.m */ = {isa = PBXFileReference; fileEncoding = 4; lastKnownFileType = sourcecode.c.objc; path = EKObjectModel.m; sourceTree = "<group>"; };
		4D32D6401B70B1AF00044180 /* EKPropertyHelper.h */ = {isa = PBXFileReference; fileEncoding = 4; lastKnownFileType = sourcecode.c.h; path = EKPropertyHelper.h; sourceTree = "<group>"; };
		4D32D6411B70B1AF00044180 /* EKPropertyHelper.m */ = {isa = PBXFileReference; fileEncoding = 4; lastKnownFileType = sourcecode.c.objc; path = EKPropertyHelper.m; sourceTree = "<group>"; };
		4D32D6421B70B1AF00044180 /* EKPropertyMapping.h */ = {isa = PBXFileReference; fileEncoding = 4; lastKnownFileType = sourcecode.c.h; path = EKPropertyMapping.h; sourceTree = "<group>"; };
		4D32D6431B70B1AF00044180 /* EKPropertyMapping.m */ = {isa = PBXFileReference; fileEncoding = 4; lastKnownFileType = sourcecode.c.objc; path = EKPropertyMapping.m; sourceTree = "<group>"; };
		4D32D6441B70B1AF00044180 /* EKRelationshipMapping.h */ = {isa = PBXFileReference; fileEncoding = 4; lastKnownFileType = sourcecode.c.h; path = EKRelationshipMapping.h; sourceTree = "<group>"; };
		4D32D6451B70B1AF00044180 /* EKRelationshipMapping.m */ = {isa = PBXFileReference; fileEncoding = 4; lastKnownFileType = sourcecode.c.objc; path = EKRelationshipMapping.m; sourceTree = "<group>"; };
		4D32D6461B70B1AF00044180 /* EKSerializer.h */ = {isa = PBXFileReference; fileEncoding = 4; lastKnownFileType = sourcecode.c.h; path = EKSerializer.h; sourceTree = "<group>"; };
		4D32D6471B70B1AF00044180 /* EKSerializer.m */ = {isa = PBXFileReference; fileEncoding = 4; lastKnownFileType = sourcecode.c.objc; path = EKSerializer.m; sourceTree = "<group>"; };
		4D32D6481B70B1AF00044180 /* NSArray+FlattenArray.h */ = {isa = PBXFileReference; fileEncoding = 4; lastKnownFileType = sourcecode.c.h; path = "NSArray+FlattenArray.h"; sourceTree = "<group>"; };
		4D32D6491B70B1AF00044180 /* NSArray+FlattenArray.m */ = {isa = PBXFileReference; fileEncoding = 4; lastKnownFileType = sourcecode.c.objc; path = "NSArray+FlattenArray.m"; sourceTree = "<group>"; };
		4D32D64A1B70B1AF00044180 /* NSDateFormatter+EasyMappingAdditions.h */ = {isa = PBXFileReference; fileEncoding = 4; lastKnownFileType = sourcecode.c.h; path = "NSDateFormatter+EasyMappingAdditions.h"; sourceTree = "<group>"; };
		4D32D64B1B70B1AF00044180 /* NSDateFormatter+EasyMappingAdditions.m */ = {isa = PBXFileReference; fileEncoding = 4; lastKnownFileType = sourcecode.c.objc; path = "NSDateFormatter+EasyMappingAdditions.m"; sourceTree = "<group>"; };
		4D88049A1B7A4BA6001F80CD /* DTActorConstants.h */ = {isa = PBXFileReference; fileEncoding = 4; lastKnownFileType = sourcecode.c.h; path = DTActorConstants.h; sourceTree = "<group>"; };
		4D88049B1B7A4BA6001F80CD /* DTActorConstants.m */ = {isa = PBXFileReference; fileEncoding = 4; lastKnownFileType = sourcecode.c.objc; path = DTActorConstants.m; sourceTree = "<group>"; };
		4DBCB48D1B6F4C4300E42FA7 /* Actors-Bridging-Header.h */ = {isa = PBXFileReference; lastKnownFileType = sourcecode.c.h; path = "Actors-Bridging-Header.h"; sourceTree = "<group>"; };
		4DBCB4971B6F4D8000E42FA7 /* DTActors.h */ = {isa = PBXFileReference; lastKnownFileType = sourcecode.c.h; path = DTActors.h; sourceTree = "<group>"; };
		4DD9BD8E1B74F5C000C0DA5C /* ActorsTests-Bridging-Header.h */ = {isa = PBXFileReference; lastKnownFileType = sourcecode.c.h; path = "ActorsTests-Bridging-Header.h"; sourceTree = "<group>"; };
		4DDBE7161B7DF38D004DEEA7 /* ActorProviderTest.m */ = {isa = PBXFileReference; fileEncoding = 4; lastKnownFileType = sourcecode.c.objc; path = ActorProviderTest.m; sourceTree = "<group>"; };
		4DDBE71C1B7DFCAF004DEEA7 /* ActorExecutorTest.m */ = {isa = PBXFileReference; fileEncoding = 4; lastKnownFileType = sourcecode.c.objc; path = ActorExecutorTest.m; sourceTree = "<group>"; };
		4DFBC7441B74B60B0091F27C /* ServiceLocator.swift */ = {isa = PBXFileReference; fileEncoding = 4; lastKnownFileType = sourcecode.swift; path = ServiceLocator.swift; sourceTree = "<group>"; };
		4DFCBB9B1B7CE23000FCAF57 /* UserViewController.xib */ = {isa = PBXFileReference; fileEncoding = 4; lastKnownFileType = file.xib; path = UserViewController.xib; sourceTree = "<group>"; };
		4DFCBBA11B7CE2E200FCAF57 /* UserViewModel.swift */ = {isa = PBXFileReference; fileEncoding = 4; lastKnownFileType = sourcecode.swift; path = UserViewModel.swift; sourceTree = "<group>"; };
		5789D4122A0AB4B4F369209E /* libPods-Actors.a */ = {isa = PBXFileReference; explicitFileType = archive.ar; includeInIndex = 0; path = "libPods-Actors.a"; sourceTree = BUILT_PRODUCTS_DIR; };
		AD59037E1B6021D600D41DA0 /* Actors.app */ = {isa = PBXFileReference; explicitFileType = wrapper.application; includeInIndex = 0; path = Actors.app; sourceTree = BUILT_PRODUCTS_DIR; };
		AD5903831B6021D600D41DA0 /* ViewController.swift */ = {isa = PBXFileReference; lastKnownFileType = sourcecode.swift; path = ViewController.swift; sourceTree = "<group>"; };
		AD5903881B6021D600D41DA0 /* Assets.xcassets */ = {isa = PBXFileReference; lastKnownFileType = folder.assetcatalog; path = Assets.xcassets; sourceTree = "<group>"; };
		AD59038D1B6021D600D41DA0 /* Info.plist */ = {isa = PBXFileReference; lastKnownFileType = text.plist.xml; path = Info.plist; sourceTree = "<group>"; };
		AD5903921B6021D600D41DA0 /* ActorsTests.xctest */ = {isa = PBXFileReference; explicitFileType = wrapper.cfbundle; includeInIndex = 0; path = ActorsTests.xctest; sourceTree = BUILT_PRODUCTS_DIR; };
		AD5903981B6021D600D41DA0 /* Info.plist */ = {isa = PBXFileReference; lastKnownFileType = text.plist.xml; path = Info.plist; sourceTree = "<group>"; };
		AD9478281B67B55B00AFD645 /* Executor.swift */ = {isa = PBXFileReference; fileEncoding = 4; lastKnownFileType = sourcecode.swift; path = Executor.swift; sourceTree = "<group>"; };
		AD94782C1B67B55B00AFD645 /* NSOperation+FutureKit.swift */ = {isa = PBXFileReference; fileEncoding = 4; lastKnownFileType = sourcecode.swift; path = "NSOperation+FutureKit.swift"; sourceTree = "<group>"; };
		AD94782E1B67B55B00AFD645 /* FTask.swift */ = {isa = PBXFileReference; fileEncoding = 4; lastKnownFileType = sourcecode.swift; path = FTask.swift; sourceTree = "<group>"; };
		AD94782F1B67B55B00AFD645 /* Future.swift */ = {isa = PBXFileReference; fileEncoding = 4; lastKnownFileType = sourcecode.swift; path = Future.swift; sourceTree = "<group>"; };
		AD9478301B67B55B00AFD645 /* FutureBatch.swift */ = {isa = PBXFileReference; fileEncoding = 4; lastKnownFileType = sourcecode.swift; path = FutureBatch.swift; sourceTree = "<group>"; };
		AD9478311B67B55B00AFD645 /* FutureFIFO.swift */ = {isa = PBXFileReference; fileEncoding = 4; lastKnownFileType = sourcecode.swift; path = FutureFIFO.swift; sourceTree = "<group>"; };
		AD9478321B67B55B00AFD645 /* FutureKit.h */ = {isa = PBXFileReference; fileEncoding = 4; lastKnownFileType = sourcecode.c.h; path = FutureKit.h; sourceTree = "<group>"; };
		AD9478331B67B55B00AFD645 /* Info.plist */ = {isa = PBXFileReference; fileEncoding = 4; lastKnownFileType = text.plist.xml; path = Info.plist; sourceTree = "<group>"; };
		AD9478341B67B55B00AFD645 /* Promise.swift */ = {isa = PBXFileReference; fileEncoding = 4; lastKnownFileType = sourcecode.swift; path = Promise.swift; sourceTree = "<group>"; };
		AD9478351B67B55B00AFD645 /* Synchronization.swift */ = {isa = PBXFileReference; fileEncoding = 4; lastKnownFileType = sourcecode.swift; path = Synchronization.swift; sourceTree = "<group>"; };
		AD9478361B67B55B00AFD645 /* SyncWaitHandler.swift */ = {isa = PBXFileReference; fileEncoding = 4; lastKnownFileType = sourcecode.swift; path = SyncWaitHandler.swift; sourceTree = "<group>"; };
		AD9478381B67B55B00AFD645 /* ExtensionVars.swift */ = {isa = PBXFileReference; fileEncoding = 4; lastKnownFileType = sourcecode.swift; path = ExtensionVars.swift; sourceTree = "<group>"; };
		AD9478391B67B55B00AFD645 /* NSObject-Ext-ThreadSafe.swift */ = {isa = PBXFileReference; fileEncoding = 4; lastKnownFileType = sourcecode.swift; path = "NSObject-Ext-ThreadSafe.swift"; sourceTree = "<group>"; };
		AD94783A1B67B55B00AFD645 /* ObjectiveCExceptionHandler.h */ = {isa = PBXFileReference; fileEncoding = 4; lastKnownFileType = sourcecode.c.h; path = ObjectiveCExceptionHandler.h; sourceTree = "<group>"; };
		AD94783B1B67B55B00AFD645 /* ObjectiveCExceptionHandler.m */ = {isa = PBXFileReference; fileEncoding = 4; lastKnownFileType = sourcecode.c.objc; path = ObjectiveCExceptionHandler.m; sourceTree = "<group>"; };
		AD94783C1B67B55B00AFD645 /* OSAtomicInt.swift */ = {isa = PBXFileReference; fileEncoding = 4; lastKnownFileType = sourcecode.swift; path = OSAtomicInt.swift; sourceTree = "<group>"; };
		AD94785B1B6815B500AFD645 /* HTTPRequestSerializer.swift */ = {isa = PBXFileReference; fileEncoding = 4; lastKnownFileType = sourcecode.swift; path = HTTPRequestSerializer.swift; sourceTree = "<group>"; };
		AD94785C1B6815B500AFD645 /* HTTPResponseSerializer.swift */ = {isa = PBXFileReference; fileEncoding = 4; lastKnownFileType = sourcecode.swift; path = HTTPResponseSerializer.swift; sourceTree = "<group>"; };
		AD94785D1B6815B500AFD645 /* HTTPSecurity.swift */ = {isa = PBXFileReference; fileEncoding = 4; lastKnownFileType = sourcecode.swift; path = HTTPSecurity.swift; sourceTree = "<group>"; };
		AD94785E1B6815B500AFD645 /* HTTPStatusCode.swift */ = {isa = PBXFileReference; fileEncoding = 4; lastKnownFileType = sourcecode.swift; path = HTTPStatusCode.swift; sourceTree = "<group>"; };
		AD94785F1B6815B500AFD645 /* HTTPTask.swift */ = {isa = PBXFileReference; fileEncoding = 4; lastKnownFileType = sourcecode.swift; path = HTTPTask.swift; sourceTree = "<group>"; };
		AD9478601B6815B500AFD645 /* HTTPUpload.swift */ = {isa = PBXFileReference; fileEncoding = 4; lastKnownFileType = sourcecode.swift; path = HTTPUpload.swift; sourceTree = "<group>"; };
		C1420006AC78BB1786E71E79 /* DTMessageDispatcher.h */ = {isa = PBXFileReference; fileEncoding = 4; lastKnownFileType = sourcecode.c.h; path = DTMessageDispatcher.h; sourceTree = "<group>"; };
		C1420021FD6387119C8C784D /* DTActorProvider.m */ = {isa = PBXFileReference; fileEncoding = 4; lastKnownFileType = sourcecode.c.objc; path = DTActorProvider.m; sourceTree = "<group>"; };
		C1420040BAD30D5873F67D5F /* ActorExecutor.swift */ = {isa = PBXFileReference; fileEncoding = 4; lastKnownFileType = sourcecode.swift; path = ActorExecutor.swift; sourceTree = "<group>"; };
		C14200A186656387CE835001 /* DTActorOperation.h */ = {isa = PBXFileReference; fileEncoding = 4; lastKnownFileType = sourcecode.c.h; path = DTActorOperation.h; sourceTree = "<group>"; };
		C14200C971BF22337F0E137D /* DLog.h */ = {isa = PBXFileReference; fileEncoding = 4; lastKnownFileType = sourcecode.c.h; path = DLog.h; sourceTree = "<group>"; };
		C14200CA54447CEEFA4C4A26 /* LoginViewModel.swift */ = {isa = PBXFileReference; fileEncoding = 4; lastKnownFileType = sourcecode.swift; path = LoginViewModel.swift; sourceTree = "<group>"; };
		C14200F89B098FB3E1994413 /* ActorOperation.swift */ = {isa = PBXFileReference; fileEncoding = 4; lastKnownFileType = sourcecode.swift; path = ActorOperation.swift; sourceTree = "<group>"; };
		C142012F826EC019175F2ADA /* DTMessageHandler.swift */ = {isa = PBXFileReference; fileEncoding = 4; lastKnownFileType = sourcecode.swift; path = DTMessageHandler.swift; sourceTree = "<group>"; };
		C14201316C5C70002DB46856 /* DTActorSystem.m */ = {isa = PBXFileReference; fileEncoding = 4; lastKnownFileType = sourcecode.c.objc; path = DTActorSystem.m; sourceTree = "<group>"; };
		C14201AF4F221606B742207D /* RXPromise+RXExtension.h */ = {isa = PBXFileReference; fileEncoding = 4; lastKnownFileType = sourcecode.c.h; path = "RXPromise+RXExtension.h"; sourceTree = "<group>"; };
		C142020C018979FD91F62E59 /* DTActor.h */ = {isa = PBXFileReference; fileEncoding = 4; lastKnownFileType = sourcecode.c.h; path = DTActor.h; sourceTree = "<group>"; };
		C1420242C005F5682D8F2490 /* MappingActor.swift */ = {isa = PBXFileReference; fileEncoding = 4; lastKnownFileType = sourcecode.swift; path = MappingActor.swift; sourceTree = "<group>"; };
		C14202E55191E5AA05C56A41 /* RXPromise.mm */ = {isa = PBXFileReference; fileEncoding = 4; lastKnownFileType = sourcecode.cpp.objcpp; path = RXPromise.mm; sourceTree = "<group>"; };
		C14203B6633998D71B9FCC3C /* APIActor.swift */ = {isa = PBXFileReference; fileEncoding = 4; lastKnownFileType = sourcecode.swift; path = APIActor.swift; sourceTree = "<group>"; };
		C142040225C8C1F8E868436A /* SettingsStorage.swift */ = {isa = PBXFileReference; fileEncoding = 4; lastKnownFileType = sourcecode.swift; path = SettingsStorage.swift; sourceTree = "<group>"; };
		C1420407177572DF9EA4137C /* ActorProvider.swift */ = {isa = PBXFileReference; fileEncoding = 4; lastKnownFileType = sourcecode.swift; path = ActorProvider.swift; sourceTree = "<group>"; };
		C1420410CDB298429DEC274B /* Session+EasyMapping.swift */ = {isa = PBXFileReference; fileEncoding = 4; lastKnownFileType = sourcecode.swift; path = "Session+EasyMapping.swift"; sourceTree = "<group>"; };
		C142044841D4C4F89FCA9280 /* LoginViewController.swift */ = {isa = PBXFileReference; fileEncoding = 4; lastKnownFileType = sourcecode.swift; path = LoginViewController.swift; sourceTree = "<group>"; };
		C142044EA2101545D27BA78E /* DTActorProvider.h */ = {isa = PBXFileReference; fileEncoding = 4; lastKnownFileType = sourcecode.c.h; path = DTActorProvider.h; sourceTree = "<group>"; };
		C142052A49AA8A2D6B01816D /* DTActorSystem.h */ = {isa = PBXFileReference; fileEncoding = 4; lastKnownFileType = sourcecode.c.h; path = DTActorSystem.h; sourceTree = "<group>"; };
		C142054DED00C41FDFF9DB2D /* Settings+NSCoding.swift */ = {isa = PBXFileReference; fileEncoding = 4; lastKnownFileType = sourcecode.swift; path = "Settings+NSCoding.swift"; sourceTree = "<group>"; };
		C142056BF99A94BBFA4D1573 /* Settings+EasyMapping.swift */ = {isa = PBXFileReference; fileEncoding = 4; lastKnownFileType = sourcecode.swift; path = "Settings+EasyMapping.swift"; sourceTree = "<group>"; };
		C142057C4426374FAD7B9BF9 /* Development-Config.plist */ = {isa = PBXFileReference; fileEncoding = 4; lastKnownFileType = text.plist; path = "Development-Config.plist"; sourceTree = "<group>"; };
		C1420598D6D936B16896E379 /* SessionAPIActorTest.m */ = {isa = PBXFileReference; fileEncoding = 4; lastKnownFileType = sourcecode.c.objc; path = SessionAPIActorTest.m; sourceTree = "<group>"; };
		C1420599480D2FF2F990C7F9 /* RXSettledResult.mm */ = {isa = PBXFileReference; fileEncoding = 4; lastKnownFileType = sourcecode.cpp.objcpp; path = RXSettledResult.mm; sourceTree = "<group>"; };
		C14205D66DCD8F4D5FE3B970 /* TripsConfigs.swift */ = {isa = PBXFileReference; fileEncoding = 4; lastKnownFileType = sourcecode.swift; path = TripsConfigs.swift; sourceTree = "<group>"; };
		C142061CF26C7F7CD488B068 /* DTActorOperation.m */ = {isa = PBXFileReference; fileEncoding = 4; lastKnownFileType = sourcecode.c.objc; path = DTActorOperation.m; sourceTree = "<group>"; };
		C142068337B08BA06BF0D521 /* UserViewController.swift */ = {isa = PBXFileReference; fileEncoding = 4; lastKnownFileType = sourcecode.swift; path = UserViewController.swift; sourceTree = "<group>"; };
		C1420704343AD4DD639ABDA9 /* DTMessageHandler.m */ = {isa = PBXFileReference; fileEncoding = 4; lastKnownFileType = sourcecode.c.objc; path = DTMessageHandler.m; sourceTree = "<group>"; };
		C142070893431D54D9B7472B /* DTMessageHandler.h */ = {isa = PBXFileReference; fileEncoding = 4; lastKnownFileType = sourcecode.c.h; path = DTMessageHandler.h; sourceTree = "<group>"; };
		C142071CB793ECE927623202 /* Configs.swift */ = {isa = PBXFileReference; fileEncoding = 4; lastKnownFileType = sourcecode.swift; path = Configs.swift; sourceTree = "<group>"; };
		C14207362C1AB9F5BFCAA661 /* DTPromiseMatcher.m */ = {isa = PBXFileReference; fileEncoding = 4; lastKnownFileType = sourcecode.c.objc; path = DTPromiseMatcher.m; sourceTree = "<group>"; };
		C142073DB7316DA13C348789 /* DTPromiseMatcher.h */ = {isa = PBXFileReference; fileEncoding = 4; lastKnownFileType = sourcecode.c.h; path = DTPromiseMatcher.h; sourceTree = "<group>"; };
		C1420744BB1C3A43DA63BB54 /* AuthActor.swift */ = {isa = PBXFileReference; fileEncoding = 4; lastKnownFileType = sourcecode.swift; path = AuthActor.swift; sourceTree = "<group>"; };
		C142074AA6EF117576566D94 /* Session.swift */ = {isa = PBXFileReference; fileEncoding = 4; lastKnownFileType = sourcecode.swift; path = Session.swift; sourceTree = "<group>"; };
		C1420833E90CA81B3BA86F28 /* DTServiceLocator.m */ = {isa = PBXFileReference; fileEncoding = 4; lastKnownFileType = sourcecode.c.objc; path = DTServiceLocator.m; sourceTree = "<group>"; };
		C142095A97E0AF47476B07EA /* ActorSystem.swift */ = {isa = PBXFileReference; fileEncoding = 4; lastKnownFileType = sourcecode.swift; path = ActorSystem.swift; sourceTree = "<group>"; };
		C142097DB489812D0E81FADF /* RXPromise.h */ = {isa = PBXFileReference; fileEncoding = 4; lastKnownFileType = sourcecode.c.h; path = RXPromise.h; sourceTree = "<group>"; };
		C14209962D8C9982B792CBB6 /* RXPromise+Private.h */ = {isa = PBXFileReference; fileEncoding = 4; lastKnownFileType = sourcecode.c.h; path = "RXPromise+Private.h"; sourceTree = "<group>"; };
		C14209D6592948A9D851DCDC /* SessionAPIActor.swift */ = {isa = PBXFileReference; fileEncoding = 4; lastKnownFileType = sourcecode.swift; path = SessionAPIActor.swift; sourceTree = "<group>"; };
		C1420A29C932D6F97E657F4B /* AppDelegate.swift */ = {isa = PBXFileReference; fileEncoding = 4; lastKnownFileType = sourcecode.swift; path = AppDelegate.swift; sourceTree = "<group>"; };
		C1420A77949C3508036F6EC2 /* ApiActorTest.m */ = {isa = PBXFileReference; fileEncoding = 4; lastKnownFileType = sourcecode.c.objc; path = ApiActorTest.m; sourceTree = "<group>"; };
		C1420A8BA0B09F56E9A7FC71 /* User+EasyMapping.swift */ = {isa = PBXFileReference; fileEncoding = 4; lastKnownFileType = sourcecode.swift; path = "User+EasyMapping.swift"; sourceTree = "<group>"; };
		C1420AE1764924793EBC555B /* ActorSystemMock.m */ = {isa = PBXFileReference; fileEncoding = 4; lastKnownFileType = sourcecode.c.objc; path = ActorSystemMock.m; sourceTree = "<group>"; };
		C1420AE88A4E420485BAE3A9 /* RXSettledResult.h */ = {isa = PBXFileReference; fileEncoding = 4; lastKnownFileType = sourcecode.c.h; path = RXSettledResult.h; sourceTree = "<group>"; };
		C1420AED6EED8867FFD874C2 /* AuthActorTest.m */ = {isa = PBXFileReference; fileEncoding = 4; lastKnownFileType = sourcecode.c.objc; path = AuthActorTest.m; sourceTree = "<group>"; };
		C1420AFEE254F5A1062C94A3 /* ActorSystemMock.h */ = {isa = PBXFileReference; fileEncoding = 4; lastKnownFileType = sourcecode.c.h; path = ActorSystemMock.h; sourceTree = "<group>"; };
		C1420B37F6F988BA4CC6E86F /* DTActor.m */ = {isa = PBXFileReference; fileEncoding = 4; lastKnownFileType = sourcecode.c.objc; path = DTActor.m; sourceTree = "<group>"; };
		C1420BB46A7686E42FB53BA7 /* DTMessageDispatcher.m */ = {isa = PBXFileReference; fileEncoding = 4; lastKnownFileType = sourcecode.c.objc; path = DTMessageDispatcher.m; sourceTree = "<group>"; };
		C1420BEB8B07067CE53CEC4A /* Settings.swift */ = {isa = PBXFileReference; fileEncoding = 4; lastKnownFileType = sourcecode.swift; path = Settings.swift; sourceTree = "<group>"; };
		C1420C2A192E61FA6948780F /* ActorSystemTest.m */ = {isa = PBXFileReference; fileEncoding = 4; lastKnownFileType = sourcecode.c.objc; path = ActorSystemTest.m; sourceTree = "<group>"; };
		C1420CABF643B51F1F53164E /* User.swift */ = {isa = PBXFileReference; fileEncoding = 4; lastKnownFileType = sourcecode.swift; path = User.swift; sourceTree = "<group>"; };
		C1420D413359CCCF51407B80 /* RXPromise+RXExtension.mm */ = {isa = PBXFileReference; fileEncoding = 4; lastKnownFileType = sourcecode.cpp.objcpp; path = "RXPromise+RXExtension.mm"; sourceTree = "<group>"; };
		C1420D7A0953CEEB1302B7E7 /* Actor.swift */ = {isa = PBXFileReference; fileEncoding = 4; lastKnownFileType = sourcecode.swift; path = Actor.swift; sourceTree = "<group>"; };
		C1420D864F2A9DDE8C9F76E7 /* MessageDispatcher.swift */ = {isa = PBXFileReference; fileEncoding = 4; lastKnownFileType = sourcecode.swift; path = MessageDispatcher.swift; sourceTree = "<group>"; };
		C1420DEA792C1AD05D0245BE /* SessionActor.swift */ = {isa = PBXFileReference; fileEncoding = 4; lastKnownFileType = sourcecode.swift; path = SessionActor.swift; sourceTree = "<group>"; };
		C1420E17F5C4916FD6C1B709 /* DTActorExecutor.h */ = {isa = PBXFileReference; fileEncoding = 4; lastKnownFileType = sourcecode.c.h; path = DTActorExecutor.h; sourceTree = "<group>"; };
		C1420E3F50722C5D4612F26C /* SessionStorage.swift */ = {isa = PBXFileReference; fileEncoding = 4; lastKnownFileType = sourcecode.swift; path = SessionStorage.swift; sourceTree = "<group>"; };
		C1420E6E31B7E1DE7992583C /* DTServiceLocator.h */ = {isa = PBXFileReference; fileEncoding = 4; lastKnownFileType = sourcecode.c.h; path = DTServiceLocator.h; sourceTree = "<group>"; };
		C1420E9627E372CEF2DB903E /* MappingProvider.swift */ = {isa = PBXFileReference; fileEncoding = 4; lastKnownFileType = sourcecode.swift; path = MappingProvider.swift; sourceTree = "<group>"; };
		C1420EB58ADCA1C26603088F /* SessionActorTest.m */ = {isa = PBXFileReference; fileEncoding = 4; lastKnownFileType = sourcecode.c.objc; name = SessionActorTest.m; path = ActorsTests/Tests/SessionActorTest.m; sourceTree = SOURCE_ROOT; };
		C1420F18427E33045F3E62EC /* ActorTest.swift */ = {isa = PBXFileReference; fileEncoding = 4; lastKnownFileType = sourcecode.swift; path = ActorTest.swift; sourceTree = "<group>"; };
		C1420FA0FD3362A3B8163351 /* DTActorExecutor.m */ = {isa = PBXFileReference; fileEncoding = 4; lastKnownFileType = sourcecode.c.objc; path = DTActorExecutor.m; sourceTree = "<group>"; };
		C1420FBC4D3857134382F628 /* SettingsActor.swift */ = {isa = PBXFileReference; fileEncoding = 4; lastKnownFileType = sourcecode.swift; path = SettingsActor.swift; sourceTree = "<group>"; };
/* End PBXFileReference section */

/* Begin PBXFrameworksBuildPhase section */
		AD59037B1B6021D500D41DA0 /* Frameworks */ = {
			isa = PBXFrameworksBuildPhase;
			buildActionMask = 2147483647;
			files = (
				4D1623361B7CC60E00D0803E /* Bond.framework in Frameworks */,
			);
			runOnlyForDeploymentPostprocessing = 0;
		};
		AD59038F1B6021D600D41DA0 /* Frameworks */ = {
			isa = PBXFrameworksBuildPhase;
			buildActionMask = 2147483647;
			files = (
				523B0CE09C9BE9F15CEA49AC /* libPods-ActorsTests.a in Frameworks */,
			);
			runOnlyForDeploymentPostprocessing = 0;
		};
/* End PBXFrameworksBuildPhase section */

/* Begin PBXGroup section */
		4D1623231B7CC5EA00D0803E /* Products */ = {
			isa = PBXGroup;
			children = (
				4D16232B1B7CC5EA00D0803E /* Bond.framework */,
				4D16232D1B7CC5EA00D0803E /* BondTests.xctest */,
				4D16232F1B7CC5EA00D0803E /* Bond.framework */,
				4D1623311B7CC5EA00D0803E /* BondOSXTests.xctest */,
				4D1623331B7CC5EA00D0803E /* iOSAppForTesting.app */,
			);
			name = Products;
			sourceTree = "<group>";
		};
		4D32D62D1B70B1AF00044180 /* EasyMapping */ = {
			isa = PBXGroup;
			children = (
				4D32D62E1B70B1AF00044180 /* EasyMapping.h */,
				4D32D62F1B70B1AF00044180 /* EKCoreDataImporter.h */,
				4D32D6301B70B1AF00044180 /* EKCoreDataImporter.m */,
				4D32D6311B70B1AF00044180 /* EKManagedObjectMapper.h */,
				4D32D6321B70B1AF00044180 /* EKManagedObjectMapper.m */,
				4D32D6331B70B1AF00044180 /* EKManagedObjectMapping.h */,
				4D32D6341B70B1AF00044180 /* EKManagedObjectMapping.m */,
				4D32D6351B70B1AF00044180 /* EKManagedObjectModel.h */,
				4D32D6361B70B1AF00044180 /* EKManagedObjectModel.m */,
				4D32D6371B70B1AF00044180 /* EKMapper.h */,
				4D32D6381B70B1AF00044180 /* EKMapper.m */,
				4D32D6391B70B1AF00044180 /* EKMappingBlocks.h */,
				4D32D63A1B70B1AF00044180 /* EKMappingBlocks.m */,
				4D32D63B1B70B1AF00044180 /* EKMappingProtocol.h */,
				4D32D63C1B70B1AF00044180 /* EKObjectMapping.h */,
				4D32D63D1B70B1AF00044180 /* EKObjectMapping.m */,
				4D32D63E1B70B1AF00044180 /* EKObjectModel.h */,
				4D32D63F1B70B1AF00044180 /* EKObjectModel.m */,
				4D32D6401B70B1AF00044180 /* EKPropertyHelper.h */,
				4D32D6411B70B1AF00044180 /* EKPropertyHelper.m */,
				4D32D6421B70B1AF00044180 /* EKPropertyMapping.h */,
				4D32D6431B70B1AF00044180 /* EKPropertyMapping.m */,
				4D32D6441B70B1AF00044180 /* EKRelationshipMapping.h */,
				4D32D6451B70B1AF00044180 /* EKRelationshipMapping.m */,
				4D32D6461B70B1AF00044180 /* EKSerializer.h */,
				4D32D6471B70B1AF00044180 /* EKSerializer.m */,
				4D32D6481B70B1AF00044180 /* NSArray+FlattenArray.h */,
				4D32D6491B70B1AF00044180 /* NSArray+FlattenArray.m */,
				4D32D64A1B70B1AF00044180 /* NSDateFormatter+EasyMappingAdditions.h */,
				4D32D64B1B70B1AF00044180 /* NSDateFormatter+EasyMappingAdditions.m */,
			);
			path = EasyMapping;
			sourceTree = "<group>";
		};
		AD5903751B6021D500D41DA0 = {
			isa = PBXGroup;
			children = (
				4D1623221B7CC5EA00D0803E /* Bond.xcodeproj */,
				4D32D62D1B70B1AF00044180 /* EasyMapping */,
				AD94785A1B6815B500AFD645 /* SwiftHTTP */,
				AD9478271B67B55B00AFD645 /* FutureKit */,
				AD5903801B6021D600D41DA0 /* Actors */,
				AD5903951B6021D600D41DA0 /* ActorsTests */,
				AD59037F1B6021D600D41DA0 /* Products */,
				C1420B27BE278C3A9D43906A /* RXPromise */,
				FDFE9E9045A65D9A303B07EE /* Pods */,
				C4A71E7AF86063F16164D462 /* Frameworks */,
			);
			sourceTree = "<group>";
		};
		AD59037F1B6021D600D41DA0 /* Products */ = {
			isa = PBXGroup;
			children = (
				AD59037E1B6021D600D41DA0 /* Actors.app */,
				AD5903921B6021D600D41DA0 /* ActorsTests.xctest */,
			);
			name = Products;
			sourceTree = "<group>";
		};
		AD5903801B6021D600D41DA0 /* Actors */ = {
			isa = PBXGroup;
			children = (
				C1420A5DC87F044F4939A946 /* Demo */,
				C142076B86402C5789630285 /* Objc */,
				C14205BC5C165170486FEE6C /* Swift */,
				AD5903831B6021D600D41DA0 /* ViewController.swift */,
				AD5903881B6021D600D41DA0 /* Assets.xcassets */,
				AD59038D1B6021D600D41DA0 /* Info.plist */,
				4DBCB48D1B6F4C4300E42FA7 /* Actors-Bridging-Header.h */,
				C1420A29C932D6F97E657F4B /* AppDelegate.swift */,
			);
			path = Actors;
			sourceTree = "<group>";
		};
		AD5903951B6021D600D41DA0 /* ActorsTests */ = {
			isa = PBXGroup;
			children = (
				AD5903981B6021D600D41DA0 /* Info.plist */,
				4DD9BD8E1B74F5C000C0DA5C /* ActorsTests-Bridging-Header.h */,
				C1420BECCB95F75A72418634 /* Promise Matcher */,
				C142001E89BE3CE75B12CEE5 /* Tests */,
			);
			path = ActorsTests;
			sourceTree = "<group>";
		};
		AD9478271B67B55B00AFD645 /* FutureKit */ = {
			isa = PBXGroup;
			children = (
				AD9478281B67B55B00AFD645 /* Executor.swift */,
				AD9478291B67B55B00AFD645 /* FoundationExtensions */,
				AD94782D1B67B55B00AFD645 /* FTask */,
				AD94782F1B67B55B00AFD645 /* Future.swift */,
				AD9478301B67B55B00AFD645 /* FutureBatch.swift */,
				AD9478311B67B55B00AFD645 /* FutureFIFO.swift */,
				AD9478321B67B55B00AFD645 /* FutureKit.h */,
				AD9478331B67B55B00AFD645 /* Info.plist */,
				AD9478341B67B55B00AFD645 /* Promise.swift */,
				AD9478351B67B55B00AFD645 /* Synchronization.swift */,
				AD9478361B67B55B00AFD645 /* SyncWaitHandler.swift */,
				AD9478371B67B55B00AFD645 /* Utils */,
			);
			path = FutureKit;
			sourceTree = "<group>";
		};
		AD9478291B67B55B00AFD645 /* FoundationExtensions */ = {
			isa = PBXGroup;
			children = (
				AD94782C1B67B55B00AFD645 /* NSOperation+FutureKit.swift */,
			);
			path = FoundationExtensions;
			sourceTree = "<group>";
		};
		AD94782D1B67B55B00AFD645 /* FTask */ = {
			isa = PBXGroup;
			children = (
				AD94782E1B67B55B00AFD645 /* FTask.swift */,
			);
			path = FTask;
			sourceTree = "<group>";
		};
		AD9478371B67B55B00AFD645 /* Utils */ = {
			isa = PBXGroup;
			children = (
				AD9478381B67B55B00AFD645 /* ExtensionVars.swift */,
				AD9478391B67B55B00AFD645 /* NSObject-Ext-ThreadSafe.swift */,
				AD94783A1B67B55B00AFD645 /* ObjectiveCExceptionHandler.h */,
				AD94783B1B67B55B00AFD645 /* ObjectiveCExceptionHandler.m */,
				AD94783C1B67B55B00AFD645 /* OSAtomicInt.swift */,
			);
			path = Utils;
			sourceTree = "<group>";
		};
		AD94785A1B6815B500AFD645 /* SwiftHTTP */ = {
			isa = PBXGroup;
			children = (
				AD94785B1B6815B500AFD645 /* HTTPRequestSerializer.swift */,
				AD94785C1B6815B500AFD645 /* HTTPResponseSerializer.swift */,
				AD94785D1B6815B500AFD645 /* HTTPSecurity.swift */,
				AD94785E1B6815B500AFD645 /* HTTPStatusCode.swift */,
				AD94785F1B6815B500AFD645 /* HTTPTask.swift */,
				AD9478601B6815B500AFD645 /* HTTPUpload.swift */,
			);
			path = SwiftHTTP;
			sourceTree = "<group>";
		};
		C142001E89BE3CE75B12CEE5 /* Tests */ = {
			isa = PBXGroup;
			children = (
				C142037260004CF7BB210F20 /* Core */,
				C142003ACD9485408A906DE2 /* Demo */,
			);
			path = Tests;
			sourceTree = "<group>";
		};
		C142003ACD9485408A906DE2 /* Demo */ = {
			isa = PBXGroup;
			children = (
				C1420AFEE254F5A1062C94A3 /* ActorSystemMock.h */,
				C1420AE1764924793EBC555B /* ActorSystemMock.m */,
				C1420A77949C3508036F6EC2 /* ApiActorTest.m */,
				C1420AED6EED8867FFD874C2 /* AuthActorTest.m */,
				C1420EB58ADCA1C26603088F /* SessionActorTest.m */,
				C1420598D6D936B16896E379 /* SessionAPIActorTest.m */,
			);
			path = Demo;
			sourceTree = "<group>";
		};
		C142037260004CF7BB210F20 /* Core */ = {
			isa = PBXGroup;
			children = (
				C1420C2A192E61FA6948780F /* ActorSystemTest.m */,
				4DDBE7161B7DF38D004DEEA7 /* ActorProviderTest.m */,
				4DDBE71C1B7DFCAF004DEEA7 /* ActorExecutorTest.m */,
			);
			path = Core;
			sourceTree = "<group>";
		};
		C142043ECB1BF1487F02DAB6 /* Session */ = {
			isa = PBXGroup;
			children = (
				C1420DEA792C1AD05D0245BE /* SessionActor.swift */,
				C14209D6592948A9D851DCDC /* SessionAPIActor.swift */,
				C1420E3F50722C5D4612F26C /* SessionStorage.swift */,
			);
			path = Session;
			sourceTree = "<group>";
		};
		C142052584DE521D12695FFB /* Model */ = {
			isa = PBXGroup;
			children = (
				C142074AA6EF117576566D94 /* Session.swift */,
				C1420BEB8B07067CE53CEC4A /* Settings.swift */,
				C1420CABF643B51F1F53164E /* User.swift */,
			);
			path = Model;
			sourceTree = "<group>";
		};
		C142056806A822FD7C222B04 /* Actors */ = {
			isa = PBXGroup;
			children = (
				C1420EB62FDC69282E86E439 /* Auth */,
				C1420EA9E6D82D9CE5A08858 /* API */,
				C1420A5A823C9524689CDF5D /* Settings */,
				C1420B69AE5C134996BE56E3 /* Mapping */,
				C142043ECB1BF1487F02DAB6 /* Session */,
				C142052584DE521D12695FFB /* Model */,
				C142057C4426374FAD7B9BF9 /* Development-Config.plist */,
				C14205D66DCD8F4D5FE3B970 /* TripsConfigs.swift */,
			);
			path = Actors;
			sourceTree = "<group>";
		};
		C14205BC5C165170486FEE6C /* Swift */ = {
			isa = PBXGroup;
			children = (
				C142012F826EC019175F2ADA /* DTMessageHandler.swift */,
				C1420040BAD30D5873F67D5F /* ActorExecutor.swift */,
				C142095A97E0AF47476B07EA /* ActorSystem.swift */,
				C14200F89B098FB3E1994413 /* ActorOperation.swift */,
				C1420D7A0953CEEB1302B7E7 /* Actor.swift */,
				C1420407177572DF9EA4137C /* ActorProvider.swift */,
				C1420D864F2A9DDE8C9F76E7 /* MessageDispatcher.swift */,
			);
			path = Swift;
			sourceTree = "<group>";
		};
		C14206770E1420CDCA810462 /* utility */ = {
			isa = PBXGroup;
			children = (
				C14200C971BF22337F0E137D /* DLog.h */,
			);
			path = utility;
			sourceTree = "<group>";
		};
		C142076B86402C5789630285 /* Objc */ = {
			isa = PBXGroup;
			children = (
				4DBCB4971B6F4D8000E42FA7 /* DTActors.h */,
				C1420B37F6F988BA4CC6E86F /* DTActor.m */,
				C142020C018979FD91F62E59 /* DTActor.h */,
				C14201316C5C70002DB46856 /* DTActorSystem.m */,
				C142052A49AA8A2D6B01816D /* DTActorSystem.h */,
				C1420704343AD4DD639ABDA9 /* DTMessageHandler.m */,
				C142070893431D54D9B7472B /* DTMessageHandler.h */,
				C1420BB46A7686E42FB53BA7 /* DTMessageDispatcher.m */,
				C1420006AC78BB1786E71E79 /* DTMessageDispatcher.h */,
				C142061CF26C7F7CD488B068 /* DTActorOperation.m */,
				C14200A186656387CE835001 /* DTActorOperation.h */,
				C1420FA0FD3362A3B8163351 /* DTActorExecutor.m */,
				C1420E17F5C4916FD6C1B709 /* DTActorExecutor.h */,
				C1420021FD6387119C8C784D /* DTActorProvider.m */,
				C142044EA2101545D27BA78E /* DTActorProvider.h */,
				4D32D6221B6FBA0100044180 /* DActor.swift */,
				C1420FB2FEA6910CA9D74FB8 /* ServiceLocator */,
				C142071CB793ECE927623202 /* Configs.swift */,
				4D88049A1B7A4BA6001F80CD /* DTActorConstants.h */,
				4D88049B1B7A4BA6001F80CD /* DTActorConstants.m */,
			);
			path = Objc;
			sourceTree = "<group>";
		};
		C1420A5A823C9524689CDF5D /* Settings */ = {
			isa = PBXGroup;
			children = (
				C1420FBC4D3857134382F628 /* SettingsActor.swift */,
				C142040225C8C1F8E868436A /* SettingsStorage.swift */,
				C142054DED00C41FDFF9DB2D /* Settings+NSCoding.swift */,
			);
			path = Settings;
			sourceTree = "<group>";
		};
		C1420A5DC87F044F4939A946 /* Demo */ = {
			isa = PBXGroup;
			children = (
				C1420F18427E33045F3E62EC /* ActorTest.swift */,
				C142056806A822FD7C222B04 /* Actors */,
				C1420D78513CB9EBB2AB0473 /* Login */,
				C1420ECF532BAAF540DA509E /* User */,
			);
			path = Demo;
			sourceTree = "<group>";
		};
		C1420B27BE278C3A9D43906A /* RXPromise */ = {
			isa = PBXGroup;
			children = (
				C14206770E1420CDCA810462 /* utility */,
				C142097DB489812D0E81FADF /* RXPromise.h */,
				C14202E55191E5AA05C56A41 /* RXPromise.mm */,
				C1420AE88A4E420485BAE3A9 /* RXSettledResult.h */,
				C1420599480D2FF2F990C7F9 /* RXSettledResult.mm */,
				C14209962D8C9982B792CBB6 /* RXPromise+Private.h */,
				C14201AF4F221606B742207D /* RXPromise+RXExtension.h */,
				C1420D413359CCCF51407B80 /* RXPromise+RXExtension.mm */,
			);
			path = RXPromise;
			sourceTree = "<group>";
		};
		C1420B69AE5C134996BE56E3 /* Mapping */ = {
			isa = PBXGroup;
			children = (
				C1420242C005F5682D8F2490 /* MappingActor.swift */,
				C1420E9627E372CEF2DB903E /* MappingProvider.swift */,
				C1420410CDB298429DEC274B /* Session+EasyMapping.swift */,
				C142056BF99A94BBFA4D1573 /* Settings+EasyMapping.swift */,
				C1420A8BA0B09F56E9A7FC71 /* User+EasyMapping.swift */,
			);
			path = Mapping;
			sourceTree = "<group>";
		};
		C1420BECCB95F75A72418634 /* Promise Matcher */ = {
			isa = PBXGroup;
			children = (
				C14207362C1AB9F5BFCAA661 /* DTPromiseMatcher.m */,
				C142073DB7316DA13C348789 /* DTPromiseMatcher.h */,
			);
			path = "Promise Matcher";
			sourceTree = "<group>";
		};
		C1420D78513CB9EBB2AB0473 /* Login */ = {
			isa = PBXGroup;
			children = (
				C142044841D4C4F89FCA9280 /* LoginViewController.swift */,
				C14200CA54447CEEFA4C4A26 /* LoginViewModel.swift */,
				4D1623431B7CC7F700D0803E /* LoginViewController.xib */,
			);
			path = Login;
			sourceTree = "<group>";
		};
		C1420EA9E6D82D9CE5A08858 /* API */ = {
			isa = PBXGroup;
			children = (
				C14203B6633998D71B9FCC3C /* APIActor.swift */,
			);
			path = API;
			sourceTree = "<group>";
		};
		C1420EB62FDC69282E86E439 /* Auth */ = {
			isa = PBXGroup;
			children = (
				C1420744BB1C3A43DA63BB54 /* AuthActor.swift */,
			);
			name = Auth;
			path = Actors/Demo;
			sourceTree = SOURCE_ROOT;
		};
		C1420ECF532BAAF540DA509E /* User */ = {
			isa = PBXGroup;
			children = (
				C142068337B08BA06BF0D521 /* UserViewController.swift */,
				4DFCBB9B1B7CE23000FCAF57 /* UserViewController.xib */,
				4DFCBBA11B7CE2E200FCAF57 /* UserViewModel.swift */,
			);
			path = User;
			sourceTree = "<group>";
		};
		C1420FB2FEA6910CA9D74FB8 /* ServiceLocator */ = {
			isa = PBXGroup;
			children = (
				4DFBC7441B74B60B0091F27C /* ServiceLocator.swift */,
				C1420833E90CA81B3BA86F28 /* DTServiceLocator.m */,
				C1420E6E31B7E1DE7992583C /* DTServiceLocator.h */,
			);
			path = ServiceLocator;
			sourceTree = "<group>";
		};
		C4A71E7AF86063F16164D462 /* Frameworks */ = {
			isa = PBXGroup;
			children = (
				5789D4122A0AB4B4F369209E /* libPods-Actors.a */,
				32CEE118BEBB1B75EC859FA3 /* libPods-ActorsTests.a */,
			);
			name = Frameworks;
			sourceTree = "<group>";
		};
		FDFE9E9045A65D9A303B07EE /* Pods */ = {
			isa = PBXGroup;
			children = (
				1AF4C26BEC372FBDEAF97556 /* Pods-ActorsTests.debug.xcconfig */,
				4280921F20336938486D858A /* Pods-ActorsTests.release.xcconfig */,
			);
			name = Pods;
			sourceTree = "<group>";
		};
/* End PBXGroup section */

/* Begin PBXNativeTarget section */
		AD59037D1B6021D500D41DA0 /* Actors */ = {
			isa = PBXNativeTarget;
			buildConfigurationList = AD5903A61B6021D600D41DA0 /* Build configuration list for PBXNativeTarget "Actors" */;
			buildPhases = (
				AD59037A1B6021D500D41DA0 /* Sources */,
				AD59037B1B6021D500D41DA0 /* Frameworks */,
				AD59037C1B6021D500D41DA0 /* Resources */,
				4D5C54E61B69CBA9000DD26B /* Copy Frameworks */,
				4D1623371B7CC62200D0803E /* CopyFiles */,
			);
			buildRules = (
			);
			dependencies = (
				4D1623351B7CC60300D0803E /* PBXTargetDependency */,
			);
			name = Actors;
			productName = Actors;
			productReference = AD59037E1B6021D600D41DA0 /* Actors.app */;
			productType = "com.apple.product-type.application";
		};
		AD5903911B6021D600D41DA0 /* ActorsTests */ = {
			isa = PBXNativeTarget;
			buildConfigurationList = AD5903A91B6021D600D41DA0 /* Build configuration list for PBXNativeTarget "ActorsTests" */;
			buildPhases = (
				D44FBA2112834403FB125E21 /* Check Pods Manifest.lock */,
				AD59038E1B6021D600D41DA0 /* Sources */,
				AD59038F1B6021D600D41DA0 /* Frameworks */,
				AD5903901B6021D600D41DA0 /* Resources */,
				F0EB4082322EC1D00C310C7C /* Copy Pods Resources */,
			);
			buildRules = (
			);
			dependencies = (
				AD5903941B6021D600D41DA0 /* PBXTargetDependency */,
			);
			name = ActorsTests;
			productName = ActorsTests;
			productReference = AD5903921B6021D600D41DA0 /* ActorsTests.xctest */;
			productType = "com.apple.product-type.bundle.unit-test";
		};
/* End PBXNativeTarget section */

/* Begin PBXProject section */
		AD5903761B6021D500D41DA0 /* Project object */ = {
			isa = PBXProject;
			attributes = {
				LastUpgradeCheck = 0700;
				ORGANIZATIONNAME = Techery;
				TargetAttributes = {
					AD59037D1B6021D500D41DA0 = {
						CreatedOnToolsVersion = 7.0;
					};
					AD5903911B6021D600D41DA0 = {
						CreatedOnToolsVersion = 7.0;
						TestTargetID = AD59037D1B6021D500D41DA0;
					};
				};
			};
			buildConfigurationList = AD5903791B6021D500D41DA0 /* Build configuration list for PBXProject "Actors" */;
			compatibilityVersion = "Xcode 3.2";
			developmentRegion = English;
			hasScannedForEncodings = 0;
			knownRegions = (
				en,
				Base,
			);
			mainGroup = AD5903751B6021D500D41DA0;
			productRefGroup = AD59037F1B6021D600D41DA0 /* Products */;
			projectDirPath = "";
			projectReferences = (
				{
					ProductGroup = 4D1623231B7CC5EA00D0803E /* Products */;
					ProjectRef = 4D1623221B7CC5EA00D0803E /* Bond.xcodeproj */;
				},
			);
			projectRoot = "";
			targets = (
				AD59037D1B6021D500D41DA0 /* Actors */,
				AD5903911B6021D600D41DA0 /* ActorsTests */,
			);
		};
/* End PBXProject section */

/* Begin PBXReferenceProxy section */
		4D16232B1B7CC5EA00D0803E /* Bond.framework */ = {
			isa = PBXReferenceProxy;
			fileType = wrapper.framework;
			path = Bond.framework;
			remoteRef = 4D16232A1B7CC5EA00D0803E /* PBXContainerItemProxy */;
			sourceTree = BUILT_PRODUCTS_DIR;
		};
		4D16232D1B7CC5EA00D0803E /* BondTests.xctest */ = {
			isa = PBXReferenceProxy;
			fileType = wrapper.cfbundle;
			path = BondTests.xctest;
			remoteRef = 4D16232C1B7CC5EA00D0803E /* PBXContainerItemProxy */;
			sourceTree = BUILT_PRODUCTS_DIR;
		};
		4D16232F1B7CC5EA00D0803E /* Bond.framework */ = {
			isa = PBXReferenceProxy;
			fileType = wrapper.framework;
			path = Bond.framework;
			remoteRef = 4D16232E1B7CC5EA00D0803E /* PBXContainerItemProxy */;
			sourceTree = BUILT_PRODUCTS_DIR;
		};
		4D1623311B7CC5EA00D0803E /* BondOSXTests.xctest */ = {
			isa = PBXReferenceProxy;
			fileType = wrapper.cfbundle;
			path = BondOSXTests.xctest;
			remoteRef = 4D1623301B7CC5EA00D0803E /* PBXContainerItemProxy */;
			sourceTree = BUILT_PRODUCTS_DIR;
		};
		4D1623331B7CC5EA00D0803E /* iOSAppForTesting.app */ = {
			isa = PBXReferenceProxy;
			fileType = wrapper.application;
			path = iOSAppForTesting.app;
			remoteRef = 4D1623321B7CC5EA00D0803E /* PBXContainerItemProxy */;
			sourceTree = BUILT_PRODUCTS_DIR;
		};
/* End PBXReferenceProxy section */

/* Begin PBXResourcesBuildPhase section */
		AD59037C1B6021D500D41DA0 /* Resources */ = {
			isa = PBXResourcesBuildPhase;
			buildActionMask = 2147483647;
			files = (
				4D1623441B7CC7F700D0803E /* LoginViewController.xib in Resources */,
				4DFCBB9C1B7CE23000FCAF57 /* UserViewController.xib in Resources */,
				AD9478451B67B55B00AFD645 /* Info.plist in Resources */,
				AD5903891B6021D600D41DA0 /* Assets.xcassets in Resources */,
				C14201DFC6BF5A8CD84EB936 /* Development-Config.plist in Resources */,
			);
			runOnlyForDeploymentPostprocessing = 0;
		};
		AD5903901B6021D600D41DA0 /* Resources */ = {
			isa = PBXResourcesBuildPhase;
			buildActionMask = 2147483647;
			files = (
			);
			runOnlyForDeploymentPostprocessing = 0;
		};
/* End PBXResourcesBuildPhase section */

/* Begin PBXShellScriptBuildPhase section */
		D44FBA2112834403FB125E21 /* Check Pods Manifest.lock */ = {
			isa = PBXShellScriptBuildPhase;
			buildActionMask = 2147483647;
			files = (
			);
			inputPaths = (
			);
			name = "Check Pods Manifest.lock";
			outputPaths = (
			);
			runOnlyForDeploymentPostprocessing = 0;
			shellPath = /bin/sh;
			shellScript = "diff \"${PODS_ROOT}/../Podfile.lock\" \"${PODS_ROOT}/Manifest.lock\" > /dev/null\nif [[ $? != 0 ]] ; then\n    cat << EOM\nerror: The sandbox is not in sync with the Podfile.lock. Run 'pod install' or update your CocoaPods installation.\nEOM\n    exit 1\nfi\n";
			showEnvVarsInLog = 0;
		};
		F0EB4082322EC1D00C310C7C /* Copy Pods Resources */ = {
			isa = PBXShellScriptBuildPhase;
			buildActionMask = 2147483647;
			files = (
			);
			inputPaths = (
			);
			name = "Copy Pods Resources";
			outputPaths = (
			);
			runOnlyForDeploymentPostprocessing = 0;
			shellPath = /bin/sh;
			shellScript = "\"${SRCROOT}/Pods/Target Support Files/Pods-ActorsTests/Pods-ActorsTests-resources.sh\"\n";
			showEnvVarsInLog = 0;
		};
/* End PBXShellScriptBuildPhase section */

/* Begin PBXSourcesBuildPhase section */
		AD59037A1B6021D500D41DA0 /* Sources */ = {
			isa = PBXSourcesBuildPhase;
			buildActionMask = 2147483647;
			files = (
				AD9478641B6815B500AFD645 /* HTTPStatusCode.swift in Sources */,
				AD94784A1B67B55B00AFD645 /* NSObject-Ext-ThreadSafe.swift in Sources */,
				AD9478491B67B55B00AFD645 /* ExtensionVars.swift in Sources */,
				AD9478471B67B55B00AFD645 /* Synchronization.swift in Sources */,
				AD9478461B67B55B00AFD645 /* Promise.swift in Sources */,
				AD94784B1B67B55B00AFD645 /* ObjectiveCExceptionHandler.m in Sources */,
				AD9478611B6815B500AFD645 /* HTTPRequestSerializer.swift in Sources */,
				4D32D64D1B70B1AF00044180 /* EKManagedObjectMapper.m in Sources */,
				4D32D6551B70B1AF00044180 /* EKPropertyMapping.m in Sources */,
				AD9478481B67B55B00AFD645 /* SyncWaitHandler.swift in Sources */,
				AD9478431B67B55B00AFD645 /* FutureBatch.swift in Sources */,
				4D32D6591B70B1AF00044180 /* NSDateFormatter+EasyMappingAdditions.m in Sources */,
				4D32D6521B70B1AF00044180 /* EKObjectMapping.m in Sources */,
				4D32D6581B70B1AF00044180 /* NSArray+FlattenArray.m in Sources */,
				AD5903841B6021D600D41DA0 /* ViewController.swift in Sources */,
				4D32D6571B70B1AF00044180 /* EKSerializer.m in Sources */,
				AD9478631B6815B500AFD645 /* HTTPSecurity.swift in Sources */,
				AD9478661B6815B500AFD645 /* HTTPUpload.swift in Sources */,
				AD94784C1B67B55B00AFD645 /* OSAtomicInt.swift in Sources */,
				4D32D64F1B70B1AF00044180 /* EKManagedObjectModel.m in Sources */,
				AD9478441B67B55B00AFD645 /* FutureFIFO.swift in Sources */,
				4D88049C1B7A4BA6001F80CD /* DTActorConstants.m in Sources */,
				4D32D6541B70B1AF00044180 /* EKPropertyHelper.m in Sources */,
				AD9478621B6815B500AFD645 /* HTTPResponseSerializer.swift in Sources */,
				4D32D6511B70B1AF00044180 /* EKMappingBlocks.m in Sources */,
				AD9478421B67B55B00AFD645 /* Future.swift in Sources */,
				4D32D64C1B70B1AF00044180 /* EKCoreDataImporter.m in Sources */,
				AD9478651B6815B500AFD645 /* HTTPTask.swift in Sources */,
				AD9478411B67B55B00AFD645 /* FTask.swift in Sources */,
				4D32D6231B6FBA0100044180 /* DActor.swift in Sources */,
				AD94783D1B67B55B00AFD645 /* Executor.swift in Sources */,
				C1420DEB18996727EBEB810F /* DTActor.m in Sources */,
				C1420CB107BBAE62EF05F290 /* DTActorSystem.m in Sources */,
				C14207B3F2EDBED177C0FC42 /* DTMessageHandler.m in Sources */,
				C142005901630145DB6826A8 /* DTMessageDispatcher.m in Sources */,
				4D32D6501B70B1AF00044180 /* EKMapper.m in Sources */,
				C14202288663AE1CD0C7F214 /* DTActorOperation.m in Sources */,
				C1420FD96390317645DEA696 /* RXPromise.mm in Sources */,
				4D32D64E1B70B1AF00044180 /* EKManagedObjectMapping.m in Sources */,
				C1420CE3AC89F87D8AE57524 /* RXSettledResult.mm in Sources */,
				C1420C436BDD8EB74D047D3C /* RXPromise+RXExtension.mm in Sources */,
				C1420486D021D02C4AD0D5CF /* DTActorExecutor.m in Sources */,
				C14204083805FEAF429EE7F2 /* DTActorProvider.m in Sources */,
				C14206985D533AC14CC3ED09 /* DTMessageHandler.swift in Sources */,
				C14200613D2A54EAE6904A6D /* ActorExecutor.swift in Sources */,
				4D32D6561B70B1AF00044180 /* EKRelationshipMapping.m in Sources */,
				C14206FA002F227D0065E849 /* ActorSystem.swift in Sources */,
				C14200078A265A3ADC02C2EE /* ActorOperation.swift in Sources */,
				C14203EE09FC97DC091FA899 /* Actor.swift in Sources */,
				C14209B1171512D5129EF87A /* ActorProvider.swift in Sources */,
				C1420E5ED06C585C26CDD697 /* MessageDispatcher.swift in Sources */,
				4D32D6531B70B1AF00044180 /* EKObjectModel.m in Sources */,
				C142087A75A1B7B4E322ADD1 /* ActorTest.swift in Sources */,
				4DFBC7451B74B60B0091F27C /* ServiceLocator.swift in Sources */,
				C1420CED94AD07CD8DA01AA7 /* Configs.swift in Sources */,
				C1420242C250E9AC45DB6DC8 /* DTServiceLocator.m in Sources */,
				C14208A7572C92E34DF7D998 /* AuthActor.swift in Sources */,
				C14205D98AB7160FEA041C53 /* APIActor.swift in Sources */,
				C14209EC5C211D2D64DC7BF7 /* SettingsActor.swift in Sources */,
				C1420AAA7B033DBFB81861FE /* SettingsStorage.swift in Sources */,
				C14202641FB3F2EF09208BAC /* Settings+NSCoding.swift in Sources */,
				4DFCBBA21B7CE2E200FCAF57 /* UserViewModel.swift in Sources */,
				C142008BF01527574DF17B89 /* MappingActor.swift in Sources */,
				C142091971294CE695030AF8 /* MappingProvider.swift in Sources */,
				C142019014219B7B3A35A07E /* Session+EasyMapping.swift in Sources */,
				C14205ADAA9474B334F60434 /* Settings+EasyMapping.swift in Sources */,
				C14205A1DA45880FFD07D100 /* User+EasyMapping.swift in Sources */,
				C142040512CB0CA68F147294 /* SessionActor.swift in Sources */,
				C14206F9AA38B8B4DFA545A5 /* SessionAPIActor.swift in Sources */,
				C1420F6C2E50EB564990B416 /* SessionStorage.swift in Sources */,
				C14203B101601C48A4BAF4D9 /* Session.swift in Sources */,
				C1420C36FF785120BF8A05D6 /* Settings.swift in Sources */,
				C1420DB1208DB0E5616A2230 /* User.swift in Sources */,
				C1420280CC0E397B2D01AEA2 /* TripsConfigs.swift in Sources */,
				C1420F2D7AD2F4F95781A429 /* AppDelegate.swift in Sources */,
				C1420D3414B343284C8EF01D /* LoginViewController.swift in Sources */,
				C1420AB6738F29FF890F6EF0 /* LoginViewModel.swift in Sources */,
				C14200AC1DF325BE97FC6DAE /* UserViewController.swift in Sources */,
			);
			runOnlyForDeploymentPostprocessing = 0;
		};
		AD59038E1B6021D600D41DA0 /* Sources */ = {
			isa = PBXSourcesBuildPhase;
			buildActionMask = 2147483647;
			files = (
				4D1623141B7C8C4200D0803E /* DTPromiseMatcher.m in Sources */,
				4D8804891B789C14001F80CD /* DTActorSystem.m in Sources */,
				4D88048A1B789C39001F80CD /* DTActor.m in Sources */,
				4D88048D1B789C39001F80CD /* DTActorOperation.m in Sources */,
				4D88048E1B789C39001F80CD /* DTActorExecutor.m in Sources */,
				4D88048C1B789C39001F80CD /* DTMessageDispatcher.m in Sources */,
				4DDBE71D1B7DFCAF004DEEA7 /* ActorExecutorTest.m in Sources */,
				4D88048F1B789C39001F80CD /* DTActorProvider.m in Sources */,
				4D88048B1B789C39001F80CD /* DTMessageHandler.m in Sources */,
				4DDBE7171B7DF38D004DEEA7 /* ActorProviderTest.m in Sources */,
				C1420480039A784409A1661D /* ActorSystemMock.m in Sources */,
				C1420178957775D8CA5F2289 /* ActorSystemTest.m in Sources */,
				C14201FF0810292B2D10FF23 /* ApiActorTest.m in Sources */,
				C1420BA105C7AADCE3457700 /* AuthActorTest.m in Sources */,
				C142086D9011299217033B54 /* SessionActorTest.m in Sources */,
				C14206057B3AECC86BE477E6 /* SessionAPIActorTest.m in Sources */,
			);
			runOnlyForDeploymentPostprocessing = 0;
		};
/* End PBXSourcesBuildPhase section */

/* Begin PBXTargetDependency section */
		4D1623351B7CC60300D0803E /* PBXTargetDependency */ = {
			isa = PBXTargetDependency;
			name = Bond;
			targetProxy = 4D1623341B7CC60300D0803E /* PBXContainerItemProxy */;
		};
		AD5903941B6021D600D41DA0 /* PBXTargetDependency */ = {
			isa = PBXTargetDependency;
			target = AD59037D1B6021D500D41DA0 /* Actors */;
			targetProxy = AD5903931B6021D600D41DA0 /* PBXContainerItemProxy */;
		};
/* End PBXTargetDependency section */

/* Begin XCBuildConfiguration section */
		AD5903A41B6021D600D41DA0 /* Debug */ = {
			isa = XCBuildConfiguration;
			buildSettings = {
				ALWAYS_SEARCH_USER_PATHS = NO;
				CLANG_CXX_LANGUAGE_STANDARD = "gnu++0x";
				CLANG_CXX_LIBRARY = "libc++";
				CLANG_ENABLE_MODULES = YES;
				CLANG_ENABLE_OBJC_ARC = YES;
				CLANG_WARN_BOOL_CONVERSION = YES;
				CLANG_WARN_CONSTANT_CONVERSION = YES;
				CLANG_WARN_DIRECT_OBJC_ISA_USAGE = YES_ERROR;
				CLANG_WARN_EMPTY_BODY = YES;
				CLANG_WARN_ENUM_CONVERSION = YES;
				CLANG_WARN_INT_CONVERSION = YES;
				CLANG_WARN_OBJC_ROOT_CLASS = YES_ERROR;
				CLANG_WARN_UNREACHABLE_CODE = YES;
				CLANG_WARN__DUPLICATE_METHOD_MATCH = YES;
				"CODE_SIGN_IDENTITY[sdk=iphoneos*]" = "iPhone Developer";
				COPY_PHASE_STRIP = NO;
				DEBUG_INFORMATION_FORMAT = dwarf;
				DEFINES_MODULE = YES;
				EMBEDDED_CONTENT_CONTAINS_SWIFT = YES;
				ENABLE_STRICT_OBJC_MSGSEND = YES;
				ENABLE_TESTABILITY = YES;
				GCC_C_LANGUAGE_STANDARD = gnu99;
				GCC_DYNAMIC_NO_PIC = NO;
				GCC_NO_COMMON_BLOCKS = YES;
				GCC_OPTIMIZATION_LEVEL = 0;
				GCC_PREPROCESSOR_DEFINITIONS = (
					"DEBUG=1",
					"$(inherited)",
				);
				GCC_WARN_64_TO_32_BIT_CONVERSION = YES;
				GCC_WARN_ABOUT_RETURN_TYPE = YES_ERROR;
				GCC_WARN_UNDECLARED_SELECTOR = YES;
				GCC_WARN_UNINITIALIZED_AUTOS = YES_AGGRESSIVE;
				GCC_WARN_UNUSED_FUNCTION = YES;
				GCC_WARN_UNUSED_VARIABLE = YES;
				IPHONEOS_DEPLOYMENT_TARGET = 8.0;
				MTL_ENABLE_DEBUG_INFO = YES;
				ONLY_ACTIVE_ARCH = YES;
				OTHER_LDFLAGS = "";
				PRODUCT_MODULE_NAME = Actors;
				SDKROOT = iphoneos;
				SWIFT_OBJC_BRIDGING_HEADER = "Actors/Actors-Bridging-Header.h";
				SWIFT_OPTIMIZATION_LEVEL = "-Onone";
				TARGETED_DEVICE_FAMILY = "1,2";
			};
			name = Debug;
		};
		AD5903A51B6021D600D41DA0 /* Release */ = {
			isa = XCBuildConfiguration;
			buildSettings = {
				ALWAYS_SEARCH_USER_PATHS = NO;
				CLANG_CXX_LANGUAGE_STANDARD = "gnu++0x";
				CLANG_CXX_LIBRARY = "libc++";
				CLANG_ENABLE_MODULES = YES;
				CLANG_ENABLE_OBJC_ARC = YES;
				CLANG_WARN_BOOL_CONVERSION = YES;
				CLANG_WARN_CONSTANT_CONVERSION = YES;
				CLANG_WARN_DIRECT_OBJC_ISA_USAGE = YES_ERROR;
				CLANG_WARN_EMPTY_BODY = YES;
				CLANG_WARN_ENUM_CONVERSION = YES;
				CLANG_WARN_INT_CONVERSION = YES;
				CLANG_WARN_OBJC_ROOT_CLASS = YES_ERROR;
				CLANG_WARN_UNREACHABLE_CODE = YES;
				CLANG_WARN__DUPLICATE_METHOD_MATCH = YES;
				"CODE_SIGN_IDENTITY[sdk=iphoneos*]" = "iPhone Developer";
				COPY_PHASE_STRIP = NO;
				DEBUG_INFORMATION_FORMAT = "dwarf-with-dsym";
				DEFINES_MODULE = YES;
				EMBEDDED_CONTENT_CONTAINS_SWIFT = YES;
				ENABLE_NS_ASSERTIONS = NO;
				ENABLE_STRICT_OBJC_MSGSEND = YES;
				GCC_C_LANGUAGE_STANDARD = gnu99;
				GCC_NO_COMMON_BLOCKS = YES;
				GCC_WARN_64_TO_32_BIT_CONVERSION = YES;
				GCC_WARN_ABOUT_RETURN_TYPE = YES_ERROR;
				GCC_WARN_UNDECLARED_SELECTOR = YES;
				GCC_WARN_UNINITIALIZED_AUTOS = YES_AGGRESSIVE;
				GCC_WARN_UNUSED_FUNCTION = YES;
				GCC_WARN_UNUSED_VARIABLE = YES;
				IPHONEOS_DEPLOYMENT_TARGET = 8.0;
				MTL_ENABLE_DEBUG_INFO = NO;
				OTHER_LDFLAGS = "";
				PRODUCT_MODULE_NAME = Actors;
				SDKROOT = iphoneos;
				SWIFT_OBJC_BRIDGING_HEADER = "Actors/Actors-Bridging-Header.h";
				TARGETED_DEVICE_FAMILY = "1,2";
				VALIDATE_PRODUCT = YES;
			};
			name = Release;
		};
		AD5903A71B6021D600D41DA0 /* Debug */ = {
			isa = XCBuildConfiguration;
			buildSettings = {
				ASSETCATALOG_COMPILER_APPICON_NAME = AppIcon;
				GCC_SYMBOLS_PRIVATE_EXTERN = NO;
				INFOPLIST_FILE = Actors/Info.plist;
				LD_RUNPATH_SEARCH_PATHS = "$(inherited) @executable_path/Frameworks";
				OTHER_LDFLAGS = "-ObjC";
				PRODUCT_BUNDLE_IDENTIFIER = io.techery.Actors;
				PRODUCT_NAME = "$(TARGET_NAME)";
			};
			name = Debug;
		};
		AD5903A81B6021D600D41DA0 /* Release */ = {
			isa = XCBuildConfiguration;
			buildSettings = {
				ASSETCATALOG_COMPILER_APPICON_NAME = AppIcon;
				GCC_SYMBOLS_PRIVATE_EXTERN = NO;
				INFOPLIST_FILE = Actors/Info.plist;
				LD_RUNPATH_SEARCH_PATHS = "$(inherited) @executable_path/Frameworks";
				OTHER_LDFLAGS = "-ObjC";
				PRODUCT_BUNDLE_IDENTIFIER = io.techery.Actors;
				PRODUCT_NAME = "$(TARGET_NAME)";
			};
			name = Release;
		};
		AD5903AA1B6021D600D41DA0 /* Debug */ = {
			isa = XCBuildConfiguration;
			baseConfigurationReference = 1AF4C26BEC372FBDEAF97556 /* Pods-ActorsTests.debug.xcconfig */;
			buildSettings = {
				BUNDLE_LOADER = "$(BUILT_PRODUCTS_DIR)/Actors.app/Actors";
				CLANG_ENABLE_MODULES = YES;
				HEADER_SEARCH_PATHS = (
					"$(inherited)",
					"\"${PODS_ROOT}/Headers/Public\"",
					"\"${PODS_ROOT}/Headers/Public/Kiwi\"",
					"\"$(TARGET_TEMP_DIR)/../$(PROJECT_NAME).build/DerivedSources\"",
				);
				INFOPLIST_FILE = ActorsTests/Info.plist;
				LD_RUNPATH_SEARCH_PATHS = "$(inherited) @executable_path/Frameworks @loader_path/Frameworks";
				OTHER_LDFLAGS = (
					"$(inherited)",
					"-ObjC",
					"-l\"Kiwi\"",
					"-framework",
					"\"XCTest\"",
				);
				PRODUCT_BUNDLE_IDENTIFIER = io.techery.ActorsTests;
				PRODUCT_NAME = "$(TARGET_NAME)";
				SWIFT_OBJC_BRIDGING_HEADER = "ActorsTests/ActorsTests-Bridging-Header.h";
				SWIFT_OBJC_INTERFACE_HEADER_NAME = "$(SWIFT_MODULE_NAME)-Swift.h";
				SWIFT_OPTIMIZATION_LEVEL = "-Onone";
				TEST_HOST = "$(BUNDLE_LOADER)";
			};
			name = Debug;
		};
		AD5903AB1B6021D600D41DA0 /* Release */ = {
			isa = XCBuildConfiguration;
			baseConfigurationReference = 4280921F20336938486D858A /* Pods-ActorsTests.release.xcconfig */;
			buildSettings = {
				BUNDLE_LOADER = "$(BUILT_PRODUCTS_DIR)/Actors.app/Actors";
				CLANG_ENABLE_MODULES = YES;
				HEADER_SEARCH_PATHS = (
					"$(inherited)",
					"\"${PODS_ROOT}/Headers/Public\"",
					"\"${PODS_ROOT}/Headers/Public/Kiwi\"",
					"\"$(TARGET_TEMP_DIR)/../$(PROJECT_NAME).build/DerivedSources\"",
				);
				INFOPLIST_FILE = ActorsTests/Info.plist;
				LD_RUNPATH_SEARCH_PATHS = "$(inherited) @executable_path/Frameworks @loader_path/Frameworks";
				OTHER_LDFLAGS = (
					"$(inherited)",
					"-ObjC",
					"-l\"Kiwi\"",
					"-framework",
					"\"XCTest\"",
				);
				PRODUCT_BUNDLE_IDENTIFIER = io.techery.ActorsTests;
				PRODUCT_NAME = "$(TARGET_NAME)";
				SWIFT_OBJC_BRIDGING_HEADER = "ActorsTests/ActorsTests-Bridging-Header.h";
				SWIFT_OBJC_INTERFACE_HEADER_NAME = "$(SWIFT_MODULE_NAME)-Swift.h";
				TEST_HOST = "$(BUNDLE_LOADER)";
			};
			name = Release;
		};
/* End XCBuildConfiguration section */

/* Begin XCConfigurationList section */
		AD5903791B6021D500D41DA0 /* Build configuration list for PBXProject "Actors" */ = {
			isa = XCConfigurationList;
			buildConfigurations = (
				AD5903A41B6021D600D41DA0 /* Debug */,
				AD5903A51B6021D600D41DA0 /* Release */,
			);
			defaultConfigurationIsVisible = 0;
			defaultConfigurationName = Release;
		};
		AD5903A61B6021D600D41DA0 /* Build configuration list for PBXNativeTarget "Actors" */ = {
			isa = XCConfigurationList;
			buildConfigurations = (
				AD5903A71B6021D600D41DA0 /* Debug */,
				AD5903A81B6021D600D41DA0 /* Release */,
			);
			defaultConfigurationIsVisible = 0;
			defaultConfigurationName = Release;
		};
		AD5903A91B6021D600D41DA0 /* Build configuration list for PBXNativeTarget "ActorsTests" */ = {
			isa = XCConfigurationList;
			buildConfigurations = (
				AD5903AA1B6021D600D41DA0 /* Debug */,
				AD5903AB1B6021D600D41DA0 /* Release */,
			);
			defaultConfigurationIsVisible = 0;
			defaultConfigurationName = Release;
		};
/* End XCConfigurationList section */
	};
	rootObject = AD5903761B6021D500D41DA0 /* Project object */;
}
